// !$*UTF8*$!
{
	archiveVersion = 1;
	classes = {
	};
	objectVersion = 50;
	objects = {

/* Begin PBXBuildFile section */
		512D12A024556EB400A19EED /* AppDelegate.swift in Sources */ = {isa = PBXBuildFile; fileRef = 512D129F24556EB400A19EED /* AppDelegate.swift */; };
		512D12A224556EB400A19EED /* SceneDelegate.swift in Sources */ = {isa = PBXBuildFile; fileRef = 512D12A124556EB400A19EED /* SceneDelegate.swift */; };
		512D12A424556EB400A19EED /* ContentView.swift in Sources */ = {isa = PBXBuildFile; fileRef = 512D12A324556EB400A19EED /* ContentView.swift */; };
		512D12A624556EB700A19EED /* Assets.xcassets in Resources */ = {isa = PBXBuildFile; fileRef = 512D12A524556EB700A19EED /* Assets.xcassets */; };
		512D12A924556EB700A19EED /* Preview Assets.xcassets in Resources */ = {isa = PBXBuildFile; fileRef = 512D12A824556EB700A19EED /* Preview Assets.xcassets */; };
		512D12AC24556EB700A19EED /* LaunchScreen.storyboard in Resources */ = {isa = PBXBuildFile; fileRef = 512D12AA24556EB700A19EED /* LaunchScreen.storyboard */; };
		512D12B424556F0B00A19EED /* AddToggleButton.swift in Sources */ = {isa = PBXBuildFile; fileRef = 512D12B324556F0B00A19EED /* AddToggleButton.swift */; };
/* End PBXBuildFile section */

/* Begin PBXFileReference section */
		512D129C24556EB400A19EED /* ToggleButton.app */ = {isa = PBXFileReference; explicitFileType = wrapper.application; includeInIndex = 0; path = ToggleButton.app; sourceTree = BUILT_PRODUCTS_DIR; };
		512D129F24556EB400A19EED /* AppDelegate.swift */ = {isa = PBXFileReference; lastKnownFileType = sourcecode.swift; path = AppDelegate.swift; sourceTree = "<group>"; };
		512D12A124556EB400A19EED /* SceneDelegate.swift */ = {isa = PBXFileReference; lastKnownFileType = sourcecode.swift; path = SceneDelegate.swift; sourceTree = "<group>"; };
		512D12A324556EB400A19EED /* ContentView.swift */ = {isa = PBXFileReference; lastKnownFileType = sourcecode.swift; path = ContentView.swift; sourceTree = "<group>"; };
		512D12A524556EB700A19EED /* Assets.xcassets */ = {isa = PBXFileReference; lastKnownFileType = folder.assetcatalog; path = Assets.xcassets; sourceTree = "<group>"; };
		512D12A824556EB700A19EED /* Preview Assets.xcassets */ = {isa = PBXFileReference; lastKnownFileType = folder.assetcatalog; path = "Preview Assets.xcassets"; sourceTree = "<group>"; };
		512D12AB24556EB700A19EED /* Base */ = {isa = PBXFileReference; lastKnownFileType = file.storyboard; name = Base; path = Base.lproj/LaunchScreen.storyboard; sourceTree = "<group>"; };
		512D12AD24556EB700A19EED /* Info.plist */ = {isa = PBXFileReference; lastKnownFileType = text.plist.xml; path = Info.plist; sourceTree = "<group>"; };
		512D12B324556F0B00A19EED /* AddToggleButton.swift */ = {isa = PBXFileReference; lastKnownFileType = sourcecode.swift; path = AddToggleButton.swift; sourceTree = "<group>"; };
/* End PBXFileReference section */

/* Begin PBXFrameworksBuildPhase section */
		512D129924556EB400A19EED /* Frameworks */ = {
			isa = PBXFrameworksBuildPhase;
			buildActionMask = 2147483647;
			files = (
			);
			runOnlyForDeploymentPostprocessing = 0;
		};
/* End PBXFrameworksBuildPhase section */

/* Begin PBXGroup section */
		512D129324556EB400A19EED = {
			isa = PBXGroup;
			children = (
				512D129E24556EB400A19EED /* ToggleButton */,
				512D129D24556EB400A19EED /* Products */,
			);
			sourceTree = "<group>";
		};
		512D129D24556EB400A19EED /* Products */ = {
			isa = PBXGroup;
			children = (
				512D129C24556EB400A19EED /* ToggleButton.app */,
			);
			name = Products;
			sourceTree = "<group>";
		};
		512D129E24556EB400A19EED /* ToggleButton */ = {
			isa = PBXGroup;
			children = (
				512D129F24556EB400A19EED /* AppDelegate.swift */,
				512D12A124556EB400A19EED /* SceneDelegate.swift */,
				512D12A324556EB400A19EED /* ContentView.swift */,
				512D12B324556F0B00A19EED /* AddToggleButton.swift */,
				512D12A524556EB700A19EED /* Assets.xcassets */,
				512D12AA24556EB700A19EED /* LaunchScreen.storyboard */,
				512D12AD24556EB700A19EED /* Info.plist */,
				512D12A724556EB700A19EED /* Preview Content */,
			);
			path = ToggleButton;
			sourceTree = "<group>";
		};
		512D12A724556EB700A19EED /* Preview Content */ = {
			isa = PBXGroup;
			children = (
				512D12A824556EB700A19EED /* Preview Assets.xcassets */,
			);
			path = "Preview Content";
			sourceTree = "<group>";
		};
/* End PBXGroup section */

/* Begin PBXNativeTarget section */
		512D129B24556EB400A19EED /* ToggleButton */ = {
			isa = PBXNativeTarget;
			buildConfigurationList = 512D12B024556EB700A19EED /* Build configuration list for PBXNativeTarget "ToggleButton" */;
			buildPhases = (
				512D129824556EB400A19EED /* Sources */,
				512D129924556EB400A19EED /* Frameworks */,
				512D129A24556EB400A19EED /* Resources */,
			);
			buildRules = (
			);
			dependencies = (
			);
			name = ToggleButton;
			productName = "SwiftUI Demos";
			productReference = 512D129C24556EB400A19EED /* ToggleButton.app */;
			productType = "com.apple.product-type.application";
		};
/* End PBXNativeTarget section */

/* Begin PBXProject section */
		512D129424556EB400A19EED /* Project object */ = {
			isa = PBXProject;
			attributes = {
				LastSwiftUpdateCheck = 1110;
				LastUpgradeCheck = 1110;
				ORGANIZATIONNAME = "Somesh Choudhary";
				TargetAttributes = {
					512D129B24556EB400A19EED = {
						CreatedOnToolsVersion = 11.1;
					};
				};
			};
			buildConfigurationList = 512D129724556EB400A19EED /* Build configuration list for PBXProject "ToggleButton" */;
			compatibilityVersion = "Xcode 9.3";
			developmentRegion = en;
			hasScannedForEncodings = 0;
			knownRegions = (
				en,
				Base,
			);
			mainGroup = 512D129324556EB400A19EED;
			productRefGroup = 512D129D24556EB400A19EED /* Products */;
			projectDirPath = "";
			projectRoot = "";
			targets = (
				512D129B24556EB400A19EED /* ToggleButton */,
			);
		};
/* End PBXProject section */

/* Begin PBXResourcesBuildPhase section */
		512D129A24556EB400A19EED /* Resources */ = {
			isa = PBXResourcesBuildPhase;
			buildActionMask = 2147483647;
			files = (
				512D12AC24556EB700A19EED /* LaunchScreen.storyboard in Resources */,
				512D12A924556EB700A19EED /* Preview Assets.xcassets in Resources */,
				512D12A624556EB700A19EED /* Assets.xcassets in Resources */,
			);
			runOnlyForDeploymentPostprocessing = 0;
		};
/* End PBXResourcesBuildPhase section */

/* Begin PBXSourcesBuildPhase section */
		512D129824556EB400A19EED /* Sources */ = {
			isa = PBXSourcesBuildPhase;
			buildActionMask = 2147483647;
			files = (
				512D12A024556EB400A19EED /* AppDelegate.swift in Sources */,
				512D12B424556F0B00A19EED /* AddToggleButton.swift in Sources */,
				512D12A224556EB400A19EED /* SceneDelegate.swift in Sources */,
				512D12A424556EB400A19EED /* ContentView.swift in Sources */,
			);
			runOnlyForDeploymentPostprocessing = 0;
		};
/* End PBXSourcesBuildPhase section */

/* Begin PBXVariantGroup section */
		512D12AA24556EB700A19EED /* LaunchScreen.storyboard */ = {
			isa = PBXVariantGroup;
			children = (
				512D12AB24556EB700A19EED /* Base */,
			);
			name = LaunchScreen.storyboard;
			sourceTree = "<group>";
		};
/* End PBXVariantGroup section */

/* Begin XCBuildConfiguration section */
		512D12AE24556EB700A19EED /* Debug */ = {
			isa = XCBuildConfiguration;
			buildSettings = {
				ALWAYS_SEARCH_USER_PATHS = NO;
				CLANG_ANALYZER_NONNULL = YES;
				CLANG_ANALYZER_NUMBER_OBJECT_CONVERSION = YES_AGGRESSIVE;
				CLANG_CXX_LANGUAGE_STANDARD = "gnu++14";
				CLANG_CXX_LIBRARY = "libc++";
				CLANG_ENABLE_MODULES = YES;
				CLANG_ENABLE_OBJC_ARC = YES;
				CLANG_ENABLE_OBJC_WEAK = YES;
				CLANG_WARN_BLOCK_CAPTURE_AUTORELEASING = YES;
				CLANG_WARN_BOOL_CONVERSION = YES;
				CLANG_WARN_COMMA = YES;
				CLANG_WARN_CONSTANT_CONVERSION = YES;
				CLANG_WARN_DEPRECATED_OBJC_IMPLEMENTATIONS = YES;
				CLANG_WARN_DIRECT_OBJC_ISA_USAGE = YES_ERROR;
				CLANG_WARN_DOCUMENTATION_COMMENTS = YES;
				CLANG_WARN_EMPTY_BODY = YES;
				CLANG_WARN_ENUM_CONVERSION = YES;
				CLANG_WARN_INFINITE_RECURSION = YES;
				CLANG_WARN_INT_CONVERSION = YES;
				CLANG_WARN_NON_LITERAL_NULL_CONVERSION = YES;
				CLANG_WARN_OBJC_IMPLICIT_RETAIN_SELF = YES;
				CLANG_WARN_OBJC_LITERAL_CONVERSION = YES;
				CLANG_WARN_OBJC_ROOT_CLASS = YES_ERROR;
				CLANG_WARN_RANGE_LOOP_ANALYSIS = YES;
				CLANG_WARN_STRICT_PROTOTYPES = YES;
				CLANG_WARN_SUSPICIOUS_MOVE = YES;
				CLANG_WARN_UNGUARDED_AVAILABILITY = YES_AGGRESSIVE;
				CLANG_WARN_UNREACHABLE_CODE = YES;
				CLANG_WARN__DUPLICATE_METHOD_MATCH = YES;
				COPY_PHASE_STRIP = NO;
				DEBUG_INFORMATION_FORMAT = dwarf;
				ENABLE_STRICT_OBJC_MSGSEND = YES;
				ENABLE_TESTABILITY = YES;
				GCC_C_LANGUAGE_STANDARD = gnu11;
				GCC_DYNAMIC_NO_PIC = NO;
				GCC_NO_COMMON_BLOCKS = YES;
				GCC_OPTIMIZATION_LEVEL = 0;
				GCC_PREPROCESSOR_DEFINITIONS = (
					"DEBUG=1",
					"$(inherited)",
				);
				GCC_WARN_64_TO_32_BIT_CONVERSION = YES;
				GCC_WARN_ABOUT_RETURN_TYPE = YES_ERROR;
				GCC_WARN_UNDECLARED_SELECTOR = YES;
				GCC_WARN_UNINITIALIZED_AUTOS = YES_AGGRESSIVE;
				GCC_WARN_UNUSED_FUNCTION = YES;
				GCC_WARN_UNUSED_VARIABLE = YES;
				IPHONEOS_DEPLOYMENT_TARGET = 13.1;
				MTL_ENABLE_DEBUG_INFO = INCLUDE_SOURCE;
				MTL_FAST_MATH = YES;
				ONLY_ACTIVE_ARCH = YES;
				SDKROOT = iphoneos;
				SWIFT_ACTIVE_COMPILATION_CONDITIONS = DEBUG;
				SWIFT_OPTIMIZATION_LEVEL = "-Onone";
			};
			name = Debug;
		};
		512D12AF24556EB700A19EED /* Release */ = {
			isa = XCBuildConfiguration;
			buildSettings = {
				ALWAYS_SEARCH_USER_PATHS = NO;
				CLANG_ANALYZER_NONNULL = YES;
				CLANG_ANALYZER_NUMBER_OBJECT_CONVERSION = YES_AGGRESSIVE;
				CLANG_CXX_LANGUAGE_STANDARD = "gnu++14";
				CLANG_CXX_LIBRARY = "libc++";
				CLANG_ENABLE_MODULES = YES;
				CLANG_ENABLE_OBJC_ARC = YES;
				CLANG_ENABLE_OBJC_WEAK = YES;
				CLANG_WARN_BLOCK_CAPTURE_AUTORELEASING = YES;
				CLANG_WARN_BOOL_CONVERSION = YES;
				CLANG_WARN_COMMA = YES;
				CLANG_WARN_CONSTANT_CONVERSION = YES;
				CLANG_WARN_DEPRECATED_OBJC_IMPLEMENTATIONS = YES;
				CLANG_WARN_DIRECT_OBJC_ISA_USAGE = YES_ERROR;
				CLANG_WARN_DOCUMENTATION_COMMENTS = YES;
				CLANG_WARN_EMPTY_BODY = YES;
				CLANG_WARN_ENUM_CONVERSION = YES;
				CLANG_WARN_INFINITE_RECURSION = YES;
				CLANG_WARN_INT_CONVERSION = YES;
				CLANG_WARN_NON_LITERAL_NULL_CONVERSION = YES;
				CLANG_WARN_OBJC_IMPLICIT_RETAIN_SELF = YES;
				CLANG_WARN_OBJC_LITERAL_CONVERSION = YES;
				CLANG_WARN_OBJC_ROOT_CLASS = YES_ERROR;
				CLANG_WARN_RANGE_LOOP_ANALYSIS = YES;
				CLANG_WARN_STRICT_PROTOTYPES = YES;
				CLANG_WARN_SUSPICIOUS_MOVE = YES;
				CLANG_WARN_UNGUARDED_AVAILABILITY = YES_AGGRESSIVE;
				CLANG_WARN_UNREACHABLE_CODE = YES;
				CLANG_WARN__DUPLICATE_METHOD_MATCH = YES;
				COPY_PHASE_STRIP = NO;
				DEBUG_INFORMATION_FORMAT = "dwarf-with-dsym";
				ENABLE_NS_ASSERTIONS = NO;
				ENABLE_STRICT_OBJC_MSGSEND = YES;
				GCC_C_LANGUAGE_STANDARD = gnu11;
				GCC_NO_COMMON_BLOCKS = YES;
				GCC_WARN_64_TO_32_BIT_CONVERSION = YES;
				GCC_WARN_ABOUT_RETURN_TYPE = YES_ERROR;
				GCC_WARN_UNDECLARED_SELECTOR = YES;
				GCC_WARN_UNINITIALIZED_AUTOS = YES_AGGRESSIVE;
				GCC_WARN_UNUSED_FUNCTION = YES;
				GCC_WARN_UNUSED_VARIABLE = YES;
				IPHONEOS_DEPLOYMENT_TARGET = 13.1;
				MTL_ENABLE_DEBUG_INFO = NO;
				MTL_FAST_MATH = YES;
				SDKROOT = iphoneos;
				SWIFT_COMPILATION_MODE = wholemodule;
				SWIFT_OPTIMIZATION_LEVEL = "-O";
				VALIDATE_PRODUCT = YES;
			};
			name = Release;
		};
		512D12B124556EB700A19EED /* Debug */ = {
			isa = XCBuildConfiguration;
			buildSettings = {
				ASSETCATALOG_COMPILER_APPICON_NAME = AppIcon;
				CODE_SIGN_STYLE = Automatic;
				DEVELOPMENT_ASSET_PATHS = "\"ToggleButton/Preview Content\"";
				ENABLE_PREVIEWS = YES;
				INFOPLIST_FILE = "$(SRCROOT)/ToggleButton/Info.plist";
				LD_RUNPATH_SEARCH_PATHS = (
					"$(inherited)",
					"@executable_path/Frameworks",
				);
				PRODUCT_BUNDLE_IDENTIFIER = "com.somveda.SwiftUI-Demos";
				PRODUCT_NAME = "$(TARGET_NAME)";
				SWIFT_VERSION = 5.0;
				TARGETED_DEVICE_FAMILY = "1,2";
			};
			name = Debug;
		};
		512D12B224556EB700A19EED /* Release */ = {
			isa = XCBuildConfiguration;
			buildSettings = {
				ASSETCATALOG_COMPILER_APPICON_NAME = AppIcon;
				CODE_SIGN_STYLE = Automatic;
				DEVELOPMENT_ASSET_PATHS = "\"ToggleButton/Preview Content\"";
				ENABLE_PREVIEWS = YES;
				INFOPLIST_FILE = "$(SRCROOT)/ToggleButton/Info.plist";
				LD_RUNPATH_SEARCH_PATHS = (
					"$(inherited)",
					"@executable_path/Frameworks",
				);
				PRODUCT_BUNDLE_IDENTIFIER = "com.somveda.SwiftUI-Demos";
				PRODUCT_NAME = "$(TARGET_NAME)";
				SWIFT_VERSION = 5.0;
				TARGETED_DEVICE_FAMILY = "1,2";
			};
			name = Release;
		};
/* End XCBuildConfiguration section */

/* Begin XCConfigurationList section */
		512D129724556EB400A19EED /* Build configuration list for PBXProject "ToggleButton" */ = {
			isa = XCConfigurationList;
			buildConfigurations = (
				512D12AE24556EB700A19EED /* Debug */,
				512D12AF24556EB700A19EED /* Release */,
			);
			defaultConfigurationIsVisible = 0;
			defaultConfigurationName = Release;
		};
		512D12B024556EB700A19EED /* Build configuration list for PBXNativeTarget "ToggleButton" */ = {
			isa = XCConfigurationList;
			buildConfigurations = (
				512D12B124556EB700A19EED /* Debug */,
				512D12B224556EB700A19EED /* Release */,
			);
			defaultConfigurationIsVisible = 0;
			defaultConfigurationName = Release;
		};
/* End XCConfigurationList section */
	};
	rootObject = 512D129424556EB400A19EED /* Project object */;
}
