// !$*UTF8*$!
{
	archiveVersion = 1;
	classes = {
	};
	objectVersion = 50;
	objects = {

/* Begin PBXBuildFile section */
		EC0449FB242AEDE5005B9556 /* AppDelegate.swift in Sources */ = {isa = PBXBuildFile; fileRef = EC0449FA242AEDE5005B9556 /* AppDelegate.swift */; };
		EC0449FD242AEDE5005B9556 /* SceneDelegate.swift in Sources */ = {isa = PBXBuildFile; fileRef = EC0449FC242AEDE5005B9556 /* SceneDelegate.swift */; };
		EC044A02242AEDE5005B9556 /* ContentView.swift in Sources */ = {isa = PBXBuildFile; fileRef = EC044A01242AEDE5005B9556 /* ContentView.swift */; };
		EC044A04242AEDEB005B9556 /* Assets.xcassets in Resources */ = {isa = PBXBuildFile; fileRef = EC044A03242AEDEB005B9556 /* Assets.xcassets */; };
		EC044A07242AEDEB005B9556 /* Preview Assets.xcassets in Resources */ = {isa = PBXBuildFile; fileRef = EC044A06242AEDEB005B9556 /* Preview Assets.xcassets */; };
		EC044A0A242AEDEB005B9556 /* LaunchScreen.storyboard in Resources */ = {isa = PBXBuildFile; fileRef = EC044A08242AEDEB005B9556 /* LaunchScreen.storyboard */; };
/* End PBXBuildFile section */

/* Begin PBXFileReference section */
		EC0449F7242AEDE5005B9556 /* CharcterAnimation-SwiftUI.app */ = {isa = PBXFileReference; explicitFileType = wrapper.application; includeInIndex = 0; path = "CharcterAnimation-SwiftUI.app"; sourceTree = BUILT_PRODUCTS_DIR; };
		EC0449FA242AEDE5005B9556 /* AppDelegate.swift */ = {isa = PBXFileReference; lastKnownFileType = sourcecode.swift; path = AppDelegate.swift; sourceTree = "<group>"; };
		EC0449FC242AEDE5005B9556 /* SceneDelegate.swift */ = {isa = PBXFileReference; lastKnownFileType = sourcecode.swift; path = SceneDelegate.swift; sourceTree = "<group>"; };
		EC044A01242AEDE5005B9556 /* ContentView.swift */ = {isa = PBXFileReference; lastKnownFileType = sourcecode.swift; path = ContentView.swift; sourceTree = "<group>"; };
		EC044A03242AEDEB005B9556 /* Assets.xcassets */ = {isa = PBXFileReference; lastKnownFileType = folder.assetcatalog; path = Assets.xcassets; sourceTree = "<group>"; };
		EC044A06242AEDEB005B9556 /* Preview Assets.xcassets */ = {isa = PBXFileReference; lastKnownFileType = folder.assetcatalog; path = "Preview Assets.xcassets"; sourceTree = "<group>"; };
		EC044A09242AEDEB005B9556 /* Base */ = {isa = PBXFileReference; lastKnownFileType = file.storyboard; name = Base; path = Base.lproj/LaunchScreen.storyboard; sourceTree = "<group>"; };
		EC044A0B242AEDEB005B9556 /* Info.plist */ = {isa = PBXFileReference; lastKnownFileType = text.plist.xml; path = Info.plist; sourceTree = "<group>"; };
/* End PBXFileReference section */

/* Begin PBXFrameworksBuildPhase section */
		EC0449F4242AEDE5005B9556 /* Frameworks */ = {
			isa = PBXFrameworksBuildPhase;
			buildActionMask = 2147483647;
			files = (
			);
			runOnlyForDeploymentPostprocessing = 0;
		};
/* End PBXFrameworksBuildPhase section */

/* Begin PBXGroup section */
		EC0449EE242AEDE4005B9556 = {
			isa = PBXGroup;
			children = (
				EC0449F9242AEDE5005B9556 /* CharcterAnimation-SwiftUI */,
				EC0449F8242AEDE5005B9556 /* Products */,
			);
			sourceTree = "<group>";
		};
		EC0449F8242AEDE5005B9556 /* Products */ = {
			isa = PBXGroup;
			children = (
				EC0449F7242AEDE5005B9556 /* CharcterAnimation-SwiftUI.app */,
			);
			name = Products;
			sourceTree = "<group>";
		};
		EC0449F9242AEDE5005B9556 /* CharcterAnimation-SwiftUI */ = {
			isa = PBXGroup;
			children = (
				EC0449FA242AEDE5005B9556 /* AppDelegate.swift */,
				EC0449FC242AEDE5005B9556 /* SceneDelegate.swift */,
				EC044A01242AEDE5005B9556 /* ContentView.swift */,
				EC044A03242AEDEB005B9556 /* Assets.xcassets */,
				EC044A08242AEDEB005B9556 /* LaunchScreen.storyboard */,
				EC044A0B242AEDEB005B9556 /* Info.plist */,
				EC044A05242AEDEB005B9556 /* Preview Content */,
			);
			path = "CharcterAnimation-SwiftUI";
			sourceTree = "<group>";
		};
		EC044A05242AEDEB005B9556 /* Preview Content */ = {
			isa = PBXGroup;
			children = (
				EC044A06242AEDEB005B9556 /* Preview Assets.xcassets */,
			);
			path = "Preview Content";
			sourceTree = "<group>";
		};
/* End PBXGroup section */

/* Begin PBXNativeTarget section */
		EC0449F6242AEDE5005B9556 /* CharcterAnimation-SwiftUI */ = {
			isa = PBXNativeTarget;
			buildConfigurationList = EC044A0E242AEDEB005B9556 /* Build configuration list for PBXNativeTarget "CharcterAnimation-SwiftUI" */;
			buildPhases = (
				EC0449F3242AEDE5005B9556 /* Sources */,
				EC0449F4242AEDE5005B9556 /* Frameworks */,
				EC0449F5242AEDE5005B9556 /* Resources */,
			);
			buildRules = (
			);
			dependencies = (
			);
			name = "CharcterAnimation-SwiftUI";
			productName = GestureAnimation;
			productReference = EC0449F7242AEDE5005B9556 /* CharcterAnimation-SwiftUI.app */;
			productType = "com.apple.product-type.application";
		};
/* End PBXNativeTarget section */

/* Begin PBXProject section */
		EC0449EF242AEDE4005B9556 /* Project object */ = {
			isa = PBXProject;
			attributes = {
				LastSwiftUpdateCheck = 1130;
				LastUpgradeCheck = 1130;
				ORGANIZATIONNAME = keiren;
				TargetAttributes = {
					EC0449F6242AEDE5005B9556 = {
						CreatedOnToolsVersion = 11.3;
					};
				};
			};
			buildConfigurationList = EC0449F2242AEDE5005B9556 /* Build configuration list for PBXProject "CharcterAnimation-SwiftUI" */;
			compatibilityVersion = "Xcode 9.3";
			developmentRegion = en;
			hasScannedForEncodings = 0;
			knownRegions = (
				en,
				Base,
			);
			mainGroup = EC0449EE242AEDE4005B9556;
			productRefGroup = EC0449F8242AEDE5005B9556 /* Products */;
			projectDirPath = "";
			projectRoot = "";
			targets = (
				EC0449F6242AEDE5005B9556 /* CharcterAnimation-SwiftUI */,
			);
		};
/* End PBXProject section */

/* Begin PBXResourcesBuildPhase section */
		EC0449F5242AEDE5005B9556 /* Resources */ = {
			isa = PBXResourcesBuildPhase;
			buildActionMask = 2147483647;
			files = (
				EC044A0A242AEDEB005B9556 /* LaunchScreen.storyboard in Resources */,
				EC044A07242AEDEB005B9556 /* Preview Assets.xcassets in Resources */,
				EC044A04242AEDEB005B9556 /* Assets.xcassets in Resources */,
			);
			runOnlyForDeploymentPostprocessing = 0;
		};
/* End PBXResourcesBuildPhase section */

/* Begin PBXSourcesBuildPhase section */
		EC0449F3242AEDE5005B9556 /* Sources */ = {
			isa = PBXSourcesBuildPhase;
			buildActionMask = 2147483647;
			files = (
				EC0449FB242AEDE5005B9556 /* AppDelegate.swift in Sources */,
				EC044A02242AEDE5005B9556 /* ContentView.swift in Sources */,
				EC0449FD242AEDE5005B9556 /* SceneDelegate.swift in Sources */,
			);
			runOnlyForDeploymentPostprocessing = 0;
		};
/* End PBXSourcesBuildPhase section */

/* Begin PBXVariantGroup section */
		EC044A08242AEDEB005B9556 /* LaunchScreen.storyboard */ = {
			isa = PBXVariantGroup;
			children = (
				EC044A09242AEDEB005B9556 /* Base */,
			);
			name = LaunchScreen.storyboard;
			sourceTree = "<group>";
		};
/* End PBXVariantGroup section */

/* Begin XCBuildConfiguration section */
		EC044A0C242AEDEB005B9556 /* Debug */ = {
			isa = XCBuildConfiguration;
			buildSettings = {
				ALWAYS_SEARCH_USER_PATHS = NO;
				CLANG_ANALYZER_NONNULL = YES;
				CLANG_ANALYZER_NUMBER_OBJECT_CONVERSION = YES_AGGRESSIVE;
				CLANG_CXX_LANGUAGE_STANDARD = "gnu++14";
				CLANG_CXX_LIBRARY = "libc++";
				CLANG_ENABLE_MODULES = YES;
				CLANG_ENABLE_OBJC_ARC = YES;
				CLANG_ENABLE_OBJC_WEAK = YES;
				CLANG_WARN_BLOCK_CAPTURE_AUTORELEASING = YES;
				CLANG_WARN_BOOL_CONVERSION = YES;
				CLANG_WARN_COMMA = YES;
				CLANG_WARN_CONSTANT_CONVERSION = YES;
				CLANG_WARN_DEPRECATED_OBJC_IMPLEMENTATIONS = YES;
				CLANG_WARN_DIRECT_OBJC_ISA_USAGE = YES_ERROR;
				CLANG_WARN_DOCUMENTATION_COMMENTS = YES;
				CLANG_WARN_EMPTY_BODY = YES;
				CLANG_WARN_ENUM_CONVERSION = YES;
				CLANG_WARN_INFINITE_RECURSION = YES;
				CLANG_WARN_INT_CONVERSION = YES;
				CLANG_WARN_NON_LITERAL_NULL_CONVERSION = YES;
				CLANG_WARN_OBJC_IMPLICIT_RETAIN_SELF = YES;
				CLANG_WARN_OBJC_LITERAL_CONVERSION = YES;
				CLANG_WARN_OBJC_ROOT_CLASS = YES_ERROR;
				CLANG_WARN_RANGE_LOOP_ANALYSIS = YES;
				CLANG_WARN_STRICT_PROTOTYPES = YES;
				CLANG_WARN_SUSPICIOUS_MOVE = YES;
				CLANG_WARN_UNGUARDED_AVAILABILITY = YES_AGGRESSIVE;
				CLANG_WARN_UNREACHABLE_CODE = YES;
				CLANG_WARN__DUPLICATE_METHOD_MATCH = YES;
				COPY_PHASE_STRIP = NO;
				DEBUG_INFORMATION_FORMAT = dwarf;
				ENABLE_STRICT_OBJC_MSGSEND = YES;
				ENABLE_TESTABILITY = YES;
				GCC_C_LANGUAGE_STANDARD = gnu11;
				GCC_DYNAMIC_NO_PIC = NO;
				GCC_NO_COMMON_BLOCKS = YES;
				GCC_OPTIMIZATION_LEVEL = 0;
				GCC_PREPROCESSOR_DEFINITIONS = (
					"DEBUG=1",
					"$(inherited)",
				);
				GCC_WARN_64_TO_32_BIT_CONVERSION = YES;
				GCC_WARN_ABOUT_RETURN_TYPE = YES_ERROR;
				GCC_WARN_UNDECLARED_SELECTOR = YES;
				GCC_WARN_UNINITIALIZED_AUTOS = YES_AGGRESSIVE;
				GCC_WARN_UNUSED_FUNCTION = YES;
				GCC_WARN_UNUSED_VARIABLE = YES;
				IPHONEOS_DEPLOYMENT_TARGET = 13.2;
				MTL_ENABLE_DEBUG_INFO = INCLUDE_SOURCE;
				MTL_FAST_MATH = YES;
				ONLY_ACTIVE_ARCH = YES;
				SDKROOT = iphoneos;
				SWIFT_ACTIVE_COMPILATION_CONDITIONS = DEBUG;
				SWIFT_OPTIMIZATION_LEVEL = "-Onone";
			};
			name = Debug;
		};
		EC044A0D242AEDEB005B9556 /* Release */ = {
			isa = XCBuildConfiguration;
			buildSettings = {
				ALWAYS_SEARCH_USER_PATHS = NO;
				CLANG_ANALYZER_NONNULL = YES;
				CLANG_ANALYZER_NUMBER_OBJECT_CONVERSION = YES_AGGRESSIVE;
				CLANG_CXX_LANGUAGE_STANDARD = "gnu++14";
				CLANG_CXX_LIBRARY = "libc++";
				CLANG_ENABLE_MODULES = YES;
				CLANG_ENABLE_OBJC_ARC = YES;
				CLANG_ENABLE_OBJC_WEAK = YES;
				CLANG_WARN_BLOCK_CAPTURE_AUTORELEASING = YES;
				CLANG_WARN_BOOL_CONVERSION = YES;
				CLANG_WARN_COMMA = YES;
				CLANG_WARN_CONSTANT_CONVERSION = YES;
				CLANG_WARN_DEPRECATED_OBJC_IMPLEMENTATIONS = YES;
				CLANG_WARN_DIRECT_OBJC_ISA_USAGE = YES_ERROR;
				CLANG_WARN_DOCUMENTATION_COMMENTS = YES;
				CLANG_WARN_EMPTY_BODY = YES;
				CLANG_WARN_ENUM_CONVERSION = YES;
				CLANG_WARN_INFINITE_RECURSION = YES;
				CLANG_WARN_INT_CONVERSION = YES;
				CLANG_WARN_NON_LITERAL_NULL_CONVERSION = YES;
				CLANG_WARN_OBJC_IMPLICIT_RETAIN_SELF = YES;
				CLANG_WARN_OBJC_LITERAL_CONVERSION = YES;
				CLANG_WARN_OBJC_ROOT_CLASS = YES_ERROR;
				CLANG_WARN_RANGE_LOOP_ANALYSIS = YES;
				CLANG_WARN_STRICT_PROTOTYPES = YES;
				CLANG_WARN_SUSPICIOUS_MOVE = YES;
				CLANG_WARN_UNGUARDED_AVAILABILITY = YES_AGGRESSIVE;
				CLANG_WARN_UNREACHABLE_CODE = YES;
				CLANG_WARN__DUPLICATE_METHOD_MATCH = YES;
				COPY_PHASE_STRIP = NO;
				DEBUG_INFORMATION_FORMAT = "dwarf-with-dsym";
				ENABLE_NS_ASSERTIONS = NO;
				ENABLE_STRICT_OBJC_MSGSEND = YES;
				GCC_C_LANGUAGE_STANDARD = gnu11;
				GCC_NO_COMMON_BLOCKS = YES;
				GCC_WARN_64_TO_32_BIT_CONVERSION = YES;
				GCC_WARN_ABOUT_RETURN_TYPE = YES_ERROR;
				GCC_WARN_UNDECLARED_SELECTOR = YES;
				GCC_WARN_UNINITIALIZED_AUTOS = YES_AGGRESSIVE;
				GCC_WARN_UNUSED_FUNCTION = YES;
				GCC_WARN_UNUSED_VARIABLE = YES;
				IPHONEOS_DEPLOYMENT_TARGET = 13.2;
				MTL_ENABLE_DEBUG_INFO = NO;
				MTL_FAST_MATH = YES;
				SDKROOT = iphoneos;
				SWIFT_COMPILATION_MODE = wholemodule;
				SWIFT_OPTIMIZATION_LEVEL = "-O";
				VALIDATE_PRODUCT = YES;
			};
			name = Release;
		};
		EC044A0F242AEDEB005B9556 /* Debug */ = {
			isa = XCBuildConfiguration;
			buildSettings = {
				ASSETCATALOG_COMPILER_APPICON_NAME = AppIcon;
				CODE_SIGN_STYLE = Automatic;
				DEVELOPMENT_ASSET_PATHS = "\"CharcterAnimation-SwiftUI/Preview Content\"";
				ENABLE_PREVIEWS = YES;
				INFOPLIST_FILE = "$(SRCROOT)/CharcterAnimation-SwiftUI/Info.plist";
				LD_RUNPATH_SEARCH_PATHS = (
					"$(inherited)",
					"@executable_path/Frameworks",
				);
				PRODUCT_BUNDLE_IDENTIFIER = com.arvind.codewithArvind;
				PRODUCT_NAME = "$(TARGET_NAME)";
				SWIFT_VERSION = 5.0;
				TARGETED_DEVICE_FAMILY = "1,2";
			};
			name = Debug;
		};
		EC044A10242AEDEB005B9556 /* Release */ = {
			isa = XCBuildConfiguration;
			buildSettings = {
				ASSETCATALOG_COMPILER_APPICON_NAME = AppIcon;
				CODE_SIGN_STYLE = Automatic;
				DEVELOPMENT_ASSET_PATHS = "\"CharcterAnimation-SwiftUI/Preview Content\"";
				ENABLE_PREVIEWS = YES;
				INFOPLIST_FILE = "$(SRCROOT)/CharcterAnimation-SwiftUI/Info.plist";
				LD_RUNPATH_SEARCH_PATHS = (
					"$(inherited)",
					"@executable_path/Frameworks",
				);
				PRODUCT_BUNDLE_IDENTIFIER = com.arvind.codewithArvind;
				PRODUCT_NAME = "$(TARGET_NAME)";
				SWIFT_VERSION = 5.0;
				TARGETED_DEVICE_FAMILY = "1,2";
			};
			name = Release;
		};
/* End XCBuildConfiguration section */

/* Begin XCConfigurationList section */
		EC0449F2242AEDE5005B9556 /* Build configuration list for PBXProject "CharcterAnimation-SwiftUI" */ = {
			isa = XCConfigurationList;
			buildConfigurations = (
				EC044A0C242AEDEB005B9556 /* Debug */,
				EC044A0D242AEDEB005B9556 /* Release */,
			);
			defaultConfigurationIsVisible = 0;
			defaultConfigurationName = Release;
		};
		EC044A0E242AEDEB005B9556 /* Build configuration list for PBXNativeTarget "CharcterAnimation-SwiftUI" */ = {
			isa = XCConfigurationList;
			buildConfigurations = (
				EC044A0F242AEDEB005B9556 /* Debug */,
				EC044A10242AEDEB005B9556 /* Release */,
			);
			defaultConfigurationIsVisible = 0;
			defaultConfigurationName = Release;
		};
/* End XCConfigurationList section */
	};
	rootObject = EC0449EF242AEDE4005B9556 /* Project object */;
}
