// !$*UTF8*$!
{
	archiveVersion = 1;
	classes = {
	};
	objectVersion = 50;
	objects = {

/* Begin PBXBuildFile section */
		A4A240DF2588672D00FAA418 /* AppDelegate.swift in Sources */ = {isa = PBXBuildFile; fileRef = A4A240DE2588672D00FAA418 /* AppDelegate.swift */; };
		A4A240E12588672D00FAA418 /* SceneDelegate.swift in Sources */ = {isa = PBXBuildFile; fileRef = A4A240E02588672D00FAA418 /* SceneDelegate.swift */; };
		A4A240E32588672D00FAA418 /* ContentView.swift in Sources */ = {isa = PBXBuildFile; fileRef = A4A240E22588672D00FAA418 /* ContentView.swift */; };
		A4A240E52588673100FAA418 /* Assets.xcassets in Resources */ = {isa = PBXBuildFile; fileRef = A4A240E42588673100FAA418 /* Assets.xcassets */; };
		A4A240E82588673100FAA418 /* Preview Assets.xcassets in Resources */ = {isa = PBXBuildFile; fileRef = A4A240E72588673100FAA418 /* Preview Assets.xcassets */; };
		A4A240EB2588673100FAA418 /* LaunchScreen.storyboard in Resources */ = {isa = PBXBuildFile; fileRef = A4A240E92588673100FAA418 /* LaunchScreen.storyboard */; };
		A4A240F92588674500FAA418 /* CardDetailView.swift in Sources */ = {isa = PBXBuildFile; fileRef = A4A240F52588674500FAA418 /* CardDetailView.swift */; };
		A4A240FA2588674500FAA418 /* Color.swift in Sources */ = {isa = PBXBuildFile; fileRef = A4A240F72588674500FAA418 /* Color.swift */; };
		A4A2410425886C3900FAA418 /* CardView.swift in Sources */ = {isa = PBXBuildFile; fileRef = A4A2410325886C3900FAA418 /* CardView.swift */; };
/* End PBXBuildFile section */

/* Begin PBXFileReference section */
		A4A240DB2588672D00FAA418 /* Card-Payment.app */ = {isa = PBXFileReference; explicitFileType = wrapper.application; includeInIndex = 0; path = "Card-Payment.app"; sourceTree = BUILT_PRODUCTS_DIR; };
		A4A240DE2588672D00FAA418 /* AppDelegate.swift */ = {isa = PBXFileReference; lastKnownFileType = sourcecode.swift; path = AppDelegate.swift; sourceTree = "<group>"; };
		A4A240E02588672D00FAA418 /* SceneDelegate.swift */ = {isa = PBXFileReference; lastKnownFileType = sourcecode.swift; path = SceneDelegate.swift; sourceTree = "<group>"; };
		A4A240E22588672D00FAA418 /* ContentView.swift */ = {isa = PBXFileReference; lastKnownFileType = sourcecode.swift; path = ContentView.swift; sourceTree = "<group>"; };
		A4A240E42588673100FAA418 /* Assets.xcassets */ = {isa = PBXFileReference; lastKnownFileType = folder.assetcatalog; path = Assets.xcassets; sourceTree = "<group>"; };
		A4A240E72588673100FAA418 /* Preview Assets.xcassets */ = {isa = PBXFileReference; lastKnownFileType = folder.assetcatalog; path = "Preview Assets.xcassets"; sourceTree = "<group>"; };
		A4A240EA2588673100FAA418 /* Base */ = {isa = PBXFileReference; lastKnownFileType = file.storyboard; name = Base; path = Base.lproj/LaunchScreen.storyboard; sourceTree = "<group>"; };
		A4A240EC2588673100FAA418 /* Info.plist */ = {isa = PBXFileReference; lastKnownFileType = text.plist.xml; path = Info.plist; sourceTree = "<group>"; };
		A4A240F52588674500FAA418 /* CardDetailView.swift */ = {isa = PBXFileReference; fileEncoding = 4; lastKnownFileType = sourcecode.swift; path = CardDetailView.swift; sourceTree = "<group>"; };
		A4A240F72588674500FAA418 /* Color.swift */ = {isa = PBXFileReference; fileEncoding = 4; lastKnownFileType = sourcecode.swift; path = Color.swift; sourceTree = "<group>"; };
		A4A2410325886C3900FAA418 /* CardView.swift */ = {isa = PBXFileReference; lastKnownFileType = sourcecode.swift; path = CardView.swift; sourceTree = "<group>"; };
/* End PBXFileReference section */

/* Begin PBXFrameworksBuildPhase section */
		A4A240D82588672D00FAA418 /* Frameworks */ = {
			isa = PBXFrameworksBuildPhase;
			buildActionMask = 2147483647;
			files = (
			);
			runOnlyForDeploymentPostprocessing = 0;
		};
/* End PBXFrameworksBuildPhase section */

/* Begin PBXGroup section */
		A4A240D22588672D00FAA418 = {
			isa = PBXGroup;
			children = (
				A4A240DD2588672D00FAA418 /* Card-Payment */,
				A4A240DC2588672D00FAA418 /* Products */,
			);
			sourceTree = "<group>";
		};
		A4A240DC2588672D00FAA418 /* Products */ = {
			isa = PBXGroup;
			children = (
				A4A240DB2588672D00FAA418 /* Card-Payment.app */,
			);
			name = Products;
			sourceTree = "<group>";
		};
		A4A240DD2588672D00FAA418 /* Card-Payment */ = {
			isa = PBXGroup;
			children = (
				A4A240FC2588674700FAA418 /* AppDelegate */,
				A4A240FE2588675600FAA418 /* Resource */,
				A4A240FD2588674F00FAA418 /* View */,
				A4A240F62588674500FAA418 /* Color */,
				A4A240EC2588673100FAA418 /* Info.plist */,
				A4A240E62588673100FAA418 /* Preview Content */,
			);
			path = "Card-Payment";
			sourceTree = "<group>";
		};
		A4A240E62588673100FAA418 /* Preview Content */ = {
			isa = PBXGroup;
			children = (
				A4A240E72588673100FAA418 /* Preview Assets.xcassets */,
			);
			path = "Preview Content";
			sourceTree = "<group>";
		};
		A4A240F62588674500FAA418 /* Color */ = {
			isa = PBXGroup;
			children = (
				A4A240F72588674500FAA418 /* Color.swift */,
			);
			path = Color;
			sourceTree = "<group>";
		};
		A4A240FC2588674700FAA418 /* AppDelegate */ = {
			isa = PBXGroup;
			children = (
				A4A240DE2588672D00FAA418 /* AppDelegate.swift */,
				A4A240E02588672D00FAA418 /* SceneDelegate.swift */,
			);
			path = AppDelegate;
			sourceTree = "<group>";
		};
		A4A240FD2588674F00FAA418 /* View */ = {
			isa = PBXGroup;
			children = (
				A4A240E22588672D00FAA418 /* ContentView.swift */,
				A4A2410325886C3900FAA418 /* CardView.swift */,
				A4A240F52588674500FAA418 /* CardDetailView.swift */,
			);
			path = View;
			sourceTree = "<group>";
		};
		A4A240FE2588675600FAA418 /* Resource */ = {
			isa = PBXGroup;
			children = (
				A4A240E42588673100FAA418 /* Assets.xcassets */,
				A4A240E92588673100FAA418 /* LaunchScreen.storyboard */,
			);
			path = Resource;
			sourceTree = "<group>";
		};
/* End PBXGroup section */

/* Begin PBXNativeTarget section */
		A4A240DA2588672D00FAA418 /* Card-Payment */ = {
			isa = PBXNativeTarget;
			buildConfigurationList = A4A240EF2588673100FAA418 /* Build configuration list for PBXNativeTarget "Card-Payment" */;
			buildPhases = (
				A4A240D72588672D00FAA418 /* Sources */,
				A4A240D82588672D00FAA418 /* Frameworks */,
				A4A240D92588672D00FAA418 /* Resources */,
			);
			buildRules = (
			);
			dependencies = (
			);
			name = "Card-Payment";
			productName = "Card-Payment";
			productReference = A4A240DB2588672D00FAA418 /* Card-Payment.app */;
			productType = "com.apple.product-type.application";
		};
/* End PBXNativeTarget section */

/* Begin PBXProject section */
		A4A240D32588672D00FAA418 /* Project object */ = {
			isa = PBXProject;
			attributes = {
				LastSwiftUpdateCheck = 1210;
				LastUpgradeCheck = 1210;
				TargetAttributes = {
					A4A240DA2588672D00FAA418 = {
						CreatedOnToolsVersion = 12.1;
					};
				};
			};
			buildConfigurationList = A4A240D62588672D00FAA418 /* Build configuration list for PBXProject "Card-Payment" */;
			compatibilityVersion = "Xcode 9.3";
			developmentRegion = en;
			hasScannedForEncodings = 0;
			knownRegions = (
				en,
				Base,
			);
			mainGroup = A4A240D22588672D00FAA418;
			productRefGroup = A4A240DC2588672D00FAA418 /* Products */;
			projectDirPath = "";
			projectRoot = "";
			targets = (
				A4A240DA2588672D00FAA418 /* Card-Payment */,
			);
		};
/* End PBXProject section */

/* Begin PBXResourcesBuildPhase section */
		A4A240D92588672D00FAA418 /* Resources */ = {
			isa = PBXResourcesBuildPhase;
			buildActionMask = 2147483647;
			files = (
				A4A240EB2588673100FAA418 /* LaunchScreen.storyboard in Resources */,
				A4A240E82588673100FAA418 /* Preview Assets.xcassets in Resources */,
				A4A240E52588673100FAA418 /* Assets.xcassets in Resources */,
			);
			runOnlyForDeploymentPostprocessing = 0;
		};
/* End PBXResourcesBuildPhase section */

/* Begin PBXSourcesBuildPhase section */
		A4A240D72588672D00FAA418 /* Sources */ = {
			isa = PBXSourcesBuildPhase;
			buildActionMask = 2147483647;
			files = (
				A4A240DF2588672D00FAA418 /* AppDelegate.swift in Sources */,
				A4A240F92588674500FAA418 /* CardDetailView.swift in Sources */,
				A4A240E12588672D00FAA418 /* SceneDelegate.swift in Sources */,
				A4A240E32588672D00FAA418 /* ContentView.swift in Sources */,
				A4A240FA2588674500FAA418 /* Color.swift in Sources */,
				A4A2410425886C3900FAA418 /* CardView.swift in Sources */,
			);
			runOnlyForDeploymentPostprocessing = 0;
		};
/* End PBXSourcesBuildPhase section */

/* Begin PBXVariantGroup section */
		A4A240E92588673100FAA418 /* LaunchScreen.storyboard */ = {
			isa = PBXVariantGroup;
			children = (
				A4A240EA2588673100FAA418 /* Base */,
			);
			name = LaunchScreen.storyboard;
			sourceTree = "<group>";
		};
/* End PBXVariantGroup section */

/* Begin XCBuildConfiguration section */
		A4A240ED2588673100FAA418 /* Debug */ = {
			isa = XCBuildConfiguration;
			buildSettings = {
				ALWAYS_SEARCH_USER_PATHS = NO;
				CLANG_ANALYZER_NONNULL = YES;
				CLANG_ANALYZER_NUMBER_OBJECT_CONVERSION = YES_AGGRESSIVE;
				CLANG_CXX_LANGUAGE_STANDARD = "gnu++14";
				CLANG_CXX_LIBRARY = "libc++";
				CLANG_ENABLE_MODULES = YES;
				CLANG_ENABLE_OBJC_ARC = YES;
				CLANG_ENABLE_OBJC_WEAK = YES;
				CLANG_WARN_BLOCK_CAPTURE_AUTORELEASING = YES;
				CLANG_WARN_BOOL_CONVERSION = YES;
				CLANG_WARN_COMMA = YES;
				CLANG_WARN_CONSTANT_CONVERSION = YES;
				CLANG_WARN_DEPRECATED_OBJC_IMPLEMENTATIONS = YES;
				CLANG_WARN_DIRECT_OBJC_ISA_USAGE = YES_ERROR;
				CLANG_WARN_DOCUMENTATION_COMMENTS = YES;
				CLANG_WARN_EMPTY_BODY = YES;
				CLANG_WARN_ENUM_CONVERSION = YES;
				CLANG_WARN_INFINITE_RECURSION = YES;
				CLANG_WARN_INT_CONVERSION = YES;
				CLANG_WARN_NON_LITERAL_NULL_CONVERSION = YES;
				CLANG_WARN_OBJC_IMPLICIT_RETAIN_SELF = YES;
				CLANG_WARN_OBJC_LITERAL_CONVERSION = YES;
				CLANG_WARN_OBJC_ROOT_CLASS = YES_ERROR;
				CLANG_WARN_QUOTED_INCLUDE_IN_FRAMEWORK_HEADER = YES;
				CLANG_WARN_RANGE_LOOP_ANALYSIS = YES;
				CLANG_WARN_STRICT_PROTOTYPES = YES;
				CLANG_WARN_SUSPICIOUS_MOVE = YES;
				CLANG_WARN_UNGUARDED_AVAILABILITY = YES_AGGRESSIVE;
				CLANG_WARN_UNREACHABLE_CODE = YES;
				CLANG_WARN__DUPLICATE_METHOD_MATCH = YES;
				COPY_PHASE_STRIP = NO;
				DEBUG_INFORMATION_FORMAT = dwarf;
				ENABLE_STRICT_OBJC_MSGSEND = YES;
				ENABLE_TESTABILITY = YES;
				GCC_C_LANGUAGE_STANDARD = gnu11;
				GCC_DYNAMIC_NO_PIC = NO;
				GCC_NO_COMMON_BLOCKS = YES;
				GCC_OPTIMIZATION_LEVEL = 0;
				GCC_PREPROCESSOR_DEFINITIONS = (
					"DEBUG=1",
					"$(inherited)",
				);
				GCC_WARN_64_TO_32_BIT_CONVERSION = YES;
				GCC_WARN_ABOUT_RETURN_TYPE = YES_ERROR;
				GCC_WARN_UNDECLARED_SELECTOR = YES;
				GCC_WARN_UNINITIALIZED_AUTOS = YES_AGGRESSIVE;
				GCC_WARN_UNUSED_FUNCTION = YES;
				GCC_WARN_UNUSED_VARIABLE = YES;
				IPHONEOS_DEPLOYMENT_TARGET = 14.1;
				MTL_ENABLE_DEBUG_INFO = INCLUDE_SOURCE;
				MTL_FAST_MATH = YES;
				ONLY_ACTIVE_ARCH = YES;
				SDKROOT = iphoneos;
				SWIFT_ACTIVE_COMPILATION_CONDITIONS = DEBUG;
				SWIFT_OPTIMIZATION_LEVEL = "-Onone";
			};
			name = Debug;
		};
		A4A240EE2588673100FAA418 /* Release */ = {
			isa = XCBuildConfiguration;
			buildSettings = {
				ALWAYS_SEARCH_USER_PATHS = NO;
				CLANG_ANALYZER_NONNULL = YES;
				CLANG_ANALYZER_NUMBER_OBJECT_CONVERSION = YES_AGGRESSIVE;
				CLANG_CXX_LANGUAGE_STANDARD = "gnu++14";
				CLANG_CXX_LIBRARY = "libc++";
				CLANG_ENABLE_MODULES = YES;
				CLANG_ENABLE_OBJC_ARC = YES;
				CLANG_ENABLE_OBJC_WEAK = YES;
				CLANG_WARN_BLOCK_CAPTURE_AUTORELEASING = YES;
				CLANG_WARN_BOOL_CONVERSION = YES;
				CLANG_WARN_COMMA = YES;
				CLANG_WARN_CONSTANT_CONVERSION = YES;
				CLANG_WARN_DEPRECATED_OBJC_IMPLEMENTATIONS = YES;
				CLANG_WARN_DIRECT_OBJC_ISA_USAGE = YES_ERROR;
				CLANG_WARN_DOCUMENTATION_COMMENTS = YES;
				CLANG_WARN_EMPTY_BODY = YES;
				CLANG_WARN_ENUM_CONVERSION = YES;
				CLANG_WARN_INFINITE_RECURSION = YES;
				CLANG_WARN_INT_CONVERSION = YES;
				CLANG_WARN_NON_LITERAL_NULL_CONVERSION = YES;
				CLANG_WARN_OBJC_IMPLICIT_RETAIN_SELF = YES;
				CLANG_WARN_OBJC_LITERAL_CONVERSION = YES;
				CLANG_WARN_OBJC_ROOT_CLASS = YES_ERROR;
				CLANG_WARN_QUOTED_INCLUDE_IN_FRAMEWORK_HEADER = YES;
				CLANG_WARN_RANGE_LOOP_ANALYSIS = YES;
				CLANG_WARN_STRICT_PROTOTYPES = YES;
				CLANG_WARN_SUSPICIOUS_MOVE = YES;
				CLANG_WARN_UNGUARDED_AVAILABILITY = YES_AGGRESSIVE;
				CLANG_WARN_UNREACHABLE_CODE = YES;
				CLANG_WARN__DUPLICATE_METHOD_MATCH = YES;
				COPY_PHASE_STRIP = NO;
				DEBUG_INFORMATION_FORMAT = "dwarf-with-dsym";
				ENABLE_NS_ASSERTIONS = NO;
				ENABLE_STRICT_OBJC_MSGSEND = YES;
				GCC_C_LANGUAGE_STANDARD = gnu11;
				GCC_NO_COMMON_BLOCKS = YES;
				GCC_WARN_64_TO_32_BIT_CONVERSION = YES;
				GCC_WARN_ABOUT_RETURN_TYPE = YES_ERROR;
				GCC_WARN_UNDECLARED_SELECTOR = YES;
				GCC_WARN_UNINITIALIZED_AUTOS = YES_AGGRESSIVE;
				GCC_WARN_UNUSED_FUNCTION = YES;
				GCC_WARN_UNUSED_VARIABLE = YES;
				IPHONEOS_DEPLOYMENT_TARGET = 14.1;
				MTL_ENABLE_DEBUG_INFO = NO;
				MTL_FAST_MATH = YES;
				SDKROOT = iphoneos;
				SWIFT_COMPILATION_MODE = wholemodule;
				SWIFT_OPTIMIZATION_LEVEL = "-O";
				VALIDATE_PRODUCT = YES;
			};
			name = Release;
		};
		A4A240F02588673100FAA418 /* Debug */ = {
			isa = XCBuildConfiguration;
			buildSettings = {
				ASSETCATALOG_COMPILER_APPICON_NAME = AppIcon;
				ASSETCATALOG_COMPILER_GLOBAL_ACCENT_COLOR_NAME = AccentColor;
				CODE_SIGN_STYLE = Automatic;
				DEVELOPMENT_ASSET_PATHS = "\"Card-Payment/Preview Content\"";
				DEVELOPMENT_TEAM = 493S77954X;
				ENABLE_PREVIEWS = YES;
				INFOPLIST_FILE = "Card-Payment/Info.plist";
				LD_RUNPATH_SEARCH_PATHS = (
					"$(inherited)",
					"@executable_path/Frameworks",
				);
				PRODUCT_BUNDLE_IDENTIFIER = "com.codewithArvind.Card-Payment";
				PRODUCT_NAME = "$(TARGET_NAME)";
				SWIFT_VERSION = 5.0;
				TARGETED_DEVICE_FAMILY = "1,2";
			};
			name = Debug;
		};
		A4A240F12588673100FAA418 /* Release */ = {
			isa = XCBuildConfiguration;
			buildSettings = {
				ASSETCATALOG_COMPILER_APPICON_NAME = AppIcon;
				ASSETCATALOG_COMPILER_GLOBAL_ACCENT_COLOR_NAME = AccentColor;
				CODE_SIGN_STYLE = Automatic;
				DEVELOPMENT_ASSET_PATHS = "\"Card-Payment/Preview Content\"";
				DEVELOPMENT_TEAM = 493S77954X;
				ENABLE_PREVIEWS = YES;
				INFOPLIST_FILE = "Card-Payment/Info.plist";
				LD_RUNPATH_SEARCH_PATHS = (
					"$(inherited)",
					"@executable_path/Frameworks",
				);
				PRODUCT_BUNDLE_IDENTIFIER = "com.codewithArvind.Card-Payment";
				PRODUCT_NAME = "$(TARGET_NAME)";
				SWIFT_VERSION = 5.0;
				TARGETED_DEVICE_FAMILY = "1,2";
			};
			name = Release;
		};
/* End XCBuildConfiguration section */

/* Begin XCConfigurationList section */
		A4A240D62588672D00FAA418 /* Build configuration list for PBXProject "Card-Payment" */ = {
			isa = XCConfigurationList;
			buildConfigurations = (
				A4A240ED2588673100FAA418 /* Debug */,
				A4A240EE2588673100FAA418 /* Release */,
			);
			defaultConfigurationIsVisible = 0;
			defaultConfigurationName = Release;
		};
		A4A240EF2588673100FAA418 /* Build configuration list for PBXNativeTarget "Card-Payment" */ = {
			isa = XCConfigurationList;
			buildConfigurations = (
				A4A240F02588673100FAA418 /* Debug */,
				A4A240F12588673100FAA418 /* Release */,
			);
			defaultConfigurationIsVisible = 0;
			defaultConfigurationName = Release;
		};
/* End XCConfigurationList section */
	};
	rootObject = A4A240D32588672D00FAA418 /* Project object */;
}
