// !$*UTF8*$!
{
	archiveVersion = 1;
	classes = {
	};
	objectVersion = 50;
	objects = {

/* Begin PBXBuildFile section */
		A4A6ED632516FE31006F16C5 /* AppDelegate.swift in Sources */ = {isa = PBXBuildFile; fileRef = A4A6ED622516FE31006F16C5 /* AppDelegate.swift */; };
		A4A6ED652516FE31006F16C5 /* SceneDelegate.swift in Sources */ = {isa = PBXBuildFile; fileRef = A4A6ED642516FE31006F16C5 /* SceneDelegate.swift */; };
		A4A6ED672516FE31006F16C5 /* ContentView.swift in Sources */ = {isa = PBXBuildFile; fileRef = A4A6ED662516FE31006F16C5 /* ContentView.swift */; };
		A4A6ED692516FE32006F16C5 /* Assets.xcassets in Resources */ = {isa = PBXBuildFile; fileRef = A4A6ED682516FE32006F16C5 /* Assets.xcassets */; };
		A4A6ED6C2516FE32006F16C5 /* Preview Assets.xcassets in Resources */ = {isa = PBXBuildFile; fileRef = A4A6ED6B2516FE32006F16C5 /* Preview Assets.xcassets */; };
		A4A6ED6F2516FE32006F16C5 /* LaunchScreen.storyboard in Resources */ = {isa = PBXBuildFile; fileRef = A4A6ED6D2516FE32006F16C5 /* LaunchScreen.storyboard */; };
/* End PBXBuildFile section */

/* Begin PBXContainerItemProxy section */
		A4A6ED762516FE32006F16C5 /* PBXContainerItemProxy */ = {
			isa = PBXContainerItemProxy;
			containerPortal = A4A6ED572516FE31006F16C5 /* Project object */;
			proxyType = 1;
			remoteGlobalIDString = A4A6ED5E2516FE31006F16C5;
			remoteInfo = AnimatedLoadingWaves;
		};
		A4A6ED812516FE32006F16C5 /* PBXContainerItemProxy */ = {
			isa = PBXContainerItemProxy;
			containerPortal = A4A6ED572516FE31006F16C5 /* Project object */;
			proxyType = 1;
			remoteGlobalIDString = A4A6ED5E2516FE31006F16C5;
			remoteInfo = AnimatedLoadingWaves;
		};
/* End PBXContainerItemProxy section */

/* Begin PBXFileReference section */
		A4A6ED5F2516FE31006F16C5 /* AnimatedLoadingWaves.app */ = {isa = PBXFileReference; explicitFileType = wrapper.application; includeInIndex = 0; path = AnimatedLoadingWaves.app; sourceTree = BUILT_PRODUCTS_DIR; };
		A4A6ED622516FE31006F16C5 /* AppDelegate.swift */ = {isa = PBXFileReference; lastKnownFileType = sourcecode.swift; path = AppDelegate.swift; sourceTree = "<group>"; };
		A4A6ED642516FE31006F16C5 /* SceneDelegate.swift */ = {isa = PBXFileReference; lastKnownFileType = sourcecode.swift; path = SceneDelegate.swift; sourceTree = "<group>"; };
		A4A6ED662516FE31006F16C5 /* ContentView.swift */ = {isa = PBXFileReference; lastKnownFileType = sourcecode.swift; path = ContentView.swift; sourceTree = "<group>"; };
		A4A6ED682516FE32006F16C5 /* Assets.xcassets */ = {isa = PBXFileReference; lastKnownFileType = folder.assetcatalog; path = Assets.xcassets; sourceTree = "<group>"; };
		A4A6ED6B2516FE32006F16C5 /* Preview Assets.xcassets */ = {isa = PBXFileReference; lastKnownFileType = folder.assetcatalog; path = "Preview Assets.xcassets"; sourceTree = "<group>"; };
		A4A6ED6E2516FE32006F16C5 /* Base */ = {isa = PBXFileReference; lastKnownFileType = file.storyboard; name = Base; path = Base.lproj/LaunchScreen.storyboard; sourceTree = "<group>"; };
		A4A6ED702516FE32006F16C5 /* Info.plist */ = {isa = PBXFileReference; lastKnownFileType = text.plist.xml; path = Info.plist; sourceTree = "<group>"; };
		A4A6ED752516FE32006F16C5 /* AnimatedLoadingWavesTests.xctest */ = {isa = PBXFileReference; explicitFileType = wrapper.cfbundle; includeInIndex = 0; path = AnimatedLoadingWavesTests.xctest; sourceTree = BUILT_PRODUCTS_DIR; };
		A4A6ED802516FE32006F16C5 /* AnimatedLoadingWavesUITests.xctest */ = {isa = PBXFileReference; explicitFileType = wrapper.cfbundle; includeInIndex = 0; path = AnimatedLoadingWavesUITests.xctest; sourceTree = BUILT_PRODUCTS_DIR; };
/* End PBXFileReference section */

/* Begin PBXFrameworksBuildPhase section */
		A4A6ED5C2516FE31006F16C5 /* Frameworks */ = {
			isa = PBXFrameworksBuildPhase;
			buildActionMask = 2147483647;
			files = (
			);
			runOnlyForDeploymentPostprocessing = 0;
		};
		A4A6ED722516FE32006F16C5 /* Frameworks */ = {
			isa = PBXFrameworksBuildPhase;
			buildActionMask = 2147483647;
			files = (
			);
			runOnlyForDeploymentPostprocessing = 0;
		};
		A4A6ED7D2516FE32006F16C5 /* Frameworks */ = {
			isa = PBXFrameworksBuildPhase;
			buildActionMask = 2147483647;
			files = (
			);
			runOnlyForDeploymentPostprocessing = 0;
		};
/* End PBXFrameworksBuildPhase section */

/* Begin PBXGroup section */
		A4A6ED562516FE31006F16C5 = {
			isa = PBXGroup;
			children = (
				A4A6ED612516FE31006F16C5 /* AnimatedLoadingWaves */,
				A4A6ED602516FE31006F16C5 /* Products */,
			);
			sourceTree = "<group>";
		};
		A4A6ED602516FE31006F16C5 /* Products */ = {
			isa = PBXGroup;
			children = (
				A4A6ED5F2516FE31006F16C5 /* AnimatedLoadingWaves.app */,
				A4A6ED752516FE32006F16C5 /* AnimatedLoadingWavesTests.xctest */,
				A4A6ED802516FE32006F16C5 /* AnimatedLoadingWavesUITests.xctest */,
			);
			name = Products;
			sourceTree = "<group>";
		};
		A4A6ED612516FE31006F16C5 /* AnimatedLoadingWaves */ = {
			isa = PBXGroup;
			children = (
				A4A6ED622516FE31006F16C5 /* AppDelegate.swift */,
				A4A6ED642516FE31006F16C5 /* SceneDelegate.swift */,
				A4A6ED662516FE31006F16C5 /* ContentView.swift */,
				A4A6ED682516FE32006F16C5 /* Assets.xcassets */,
				A4A6ED6D2516FE32006F16C5 /* LaunchScreen.storyboard */,
				A4A6ED702516FE32006F16C5 /* Info.plist */,
				A4A6ED6A2516FE32006F16C5 /* Preview Content */,
			);
			path = AnimatedLoadingWaves;
			sourceTree = "<group>";
		};
		A4A6ED6A2516FE32006F16C5 /* Preview Content */ = {
			isa = PBXGroup;
			children = (
				A4A6ED6B2516FE32006F16C5 /* Preview Assets.xcassets */,
			);
			path = "Preview Content";
			sourceTree = "<group>";
		};
/* End PBXGroup section */

/* Begin PBXNativeTarget section */
		A4A6ED5E2516FE31006F16C5 /* AnimatedLoadingWaves */ = {
			isa = PBXNativeTarget;
			buildConfigurationList = A4A6ED892516FE32006F16C5 /* Build configuration list for PBXNativeTarget "AnimatedLoadingWaves" */;
			buildPhases = (
				A4A6ED5B2516FE31006F16C5 /* Sources */,
				A4A6ED5C2516FE31006F16C5 /* Frameworks */,
				A4A6ED5D2516FE31006F16C5 /* Resources */,
			);
			buildRules = (
			);
			dependencies = (
			);
			name = AnimatedLoadingWaves;
			productName = AnimatedLoadingWaves;
			productReference = A4A6ED5F2516FE31006F16C5 /* AnimatedLoadingWaves.app */;
			productType = "com.apple.product-type.application";
		};
		A4A6ED742516FE32006F16C5 /* AnimatedLoadingWavesTests */ = {
			isa = PBXNativeTarget;
			buildConfigurationList = A4A6ED8C2516FE32006F16C5 /* Build configuration list for PBXNativeTarget "AnimatedLoadingWavesTests" */;
			buildPhases = (
				A4A6ED712516FE32006F16C5 /* Sources */,
				A4A6ED722516FE32006F16C5 /* Frameworks */,
				A4A6ED732516FE32006F16C5 /* Resources */,
			);
			buildRules = (
			);
			dependencies = (
				A4A6ED772516FE32006F16C5 /* PBXTargetDependency */,
			);
			name = AnimatedLoadingWavesTests;
			productName = AnimatedLoadingWavesTests;
			productReference = A4A6ED752516FE32006F16C5 /* AnimatedLoadingWavesTests.xctest */;
			productType = "com.apple.product-type.bundle.unit-test";
		};
		A4A6ED7F2516FE32006F16C5 /* AnimatedLoadingWavesUITests */ = {
			isa = PBXNativeTarget;
			buildConfigurationList = A4A6ED8F2516FE32006F16C5 /* Build configuration list for PBXNativeTarget "AnimatedLoadingWavesUITests" */;
			buildPhases = (
				A4A6ED7C2516FE32006F16C5 /* Sources */,
				A4A6ED7D2516FE32006F16C5 /* Frameworks */,
				A4A6ED7E2516FE32006F16C5 /* Resources */,
			);
			buildRules = (
			);
			dependencies = (
				A4A6ED822516FE32006F16C5 /* PBXTargetDependency */,
			);
			name = AnimatedLoadingWavesUITests;
			productName = AnimatedLoadingWavesUITests;
			productReference = A4A6ED802516FE32006F16C5 /* AnimatedLoadingWavesUITests.xctest */;
			productType = "com.apple.product-type.bundle.ui-testing";
		};
/* End PBXNativeTarget section */

/* Begin PBXProject section */
		A4A6ED572516FE31006F16C5 /* Project object */ = {
			isa = PBXProject;
			attributes = {
				LastSwiftUpdateCheck = 1200;
				LastUpgradeCheck = 1200;
				TargetAttributes = {
					A4A6ED5E2516FE31006F16C5 = {
						CreatedOnToolsVersion = 12.0;
					};
					A4A6ED742516FE32006F16C5 = {
						CreatedOnToolsVersion = 12.0;
						TestTargetID = A4A6ED5E2516FE31006F16C5;
					};
					A4A6ED7F2516FE32006F16C5 = {
						CreatedOnToolsVersion = 12.0;
						TestTargetID = A4A6ED5E2516FE31006F16C5;
					};
				};
			};
			buildConfigurationList = A4A6ED5A2516FE31006F16C5 /* Build configuration list for PBXProject "AnimatedLoadingWaves" */;
			compatibilityVersion = "Xcode 9.3";
			developmentRegion = en;
			hasScannedForEncodings = 0;
			knownRegions = (
				en,
				Base,
			);
			mainGroup = A4A6ED562516FE31006F16C5;
			productRefGroup = A4A6ED602516FE31006F16C5 /* Products */;
			projectDirPath = "";
			projectRoot = "";
			targets = (
				A4A6ED5E2516FE31006F16C5 /* AnimatedLoadingWaves */,
				A4A6ED742516FE32006F16C5 /* AnimatedLoadingWavesTests */,
				A4A6ED7F2516FE32006F16C5 /* AnimatedLoadingWavesUITests */,
			);
		};
/* End PBXProject section */

/* Begin PBXResourcesBuildPhase section */
		A4A6ED5D2516FE31006F16C5 /* Resources */ = {
			isa = PBXResourcesBuildPhase;
			buildActionMask = 2147483647;
			files = (
				A4A6ED6F2516FE32006F16C5 /* LaunchScreen.storyboard in Resources */,
				A4A6ED6C2516FE32006F16C5 /* Preview Assets.xcassets in Resources */,
				A4A6ED692516FE32006F16C5 /* Assets.xcassets in Resources */,
			);
			runOnlyForDeploymentPostprocessing = 0;
		};
		A4A6ED732516FE32006F16C5 /* Resources */ = {
			isa = PBXResourcesBuildPhase;
			buildActionMask = 2147483647;
			files = (
			);
			runOnlyForDeploymentPostprocessing = 0;
		};
		A4A6ED7E2516FE32006F16C5 /* Resources */ = {
			isa = PBXResourcesBuildPhase;
			buildActionMask = 2147483647;
			files = (
			);
			runOnlyForDeploymentPostprocessing = 0;
		};
/* End PBXResourcesBuildPhase section */

/* Begin PBXSourcesBuildPhase section */
		A4A6ED5B2516FE31006F16C5 /* Sources */ = {
			isa = PBXSourcesBuildPhase;
			buildActionMask = 2147483647;
			files = (
				A4A6ED632516FE31006F16C5 /* AppDelegate.swift in Sources */,
				A4A6ED652516FE31006F16C5 /* SceneDelegate.swift in Sources */,
				A4A6ED672516FE31006F16C5 /* ContentView.swift in Sources */,
			);
			runOnlyForDeploymentPostprocessing = 0;
		};
		A4A6ED712516FE32006F16C5 /* Sources */ = {
			isa = PBXSourcesBuildPhase;
			buildActionMask = 2147483647;
			files = (
			);
			runOnlyForDeploymentPostprocessing = 0;
		};
		A4A6ED7C2516FE32006F16C5 /* Sources */ = {
			isa = PBXSourcesBuildPhase;
			buildActionMask = 2147483647;
			files = (
			);
			runOnlyForDeploymentPostprocessing = 0;
		};
/* End PBXSourcesBuildPhase section */

/* Begin PBXTargetDependency section */
		A4A6ED772516FE32006F16C5 /* PBXTargetDependency */ = {
			isa = PBXTargetDependency;
			target = A4A6ED5E2516FE31006F16C5 /* AnimatedLoadingWaves */;
			targetProxy = A4A6ED762516FE32006F16C5 /* PBXContainerItemProxy */;
		};
		A4A6ED822516FE32006F16C5 /* PBXTargetDependency */ = {
			isa = PBXTargetDependency;
			target = A4A6ED5E2516FE31006F16C5 /* AnimatedLoadingWaves */;
			targetProxy = A4A6ED812516FE32006F16C5 /* PBXContainerItemProxy */;
		};
/* End PBXTargetDependency section */

/* Begin PBXVariantGroup section */
		A4A6ED6D2516FE32006F16C5 /* LaunchScreen.storyboard */ = {
			isa = PBXVariantGroup;
			children = (
				A4A6ED6E2516FE32006F16C5 /* Base */,
			);
			name = LaunchScreen.storyboard;
			sourceTree = "<group>";
		};
/* End PBXVariantGroup section */

/* Begin XCBuildConfiguration section */
		A4A6ED872516FE32006F16C5 /* Debug */ = {
			isa = XCBuildConfiguration;
			buildSettings = {
				ALWAYS_SEARCH_USER_PATHS = NO;
				CLANG_ANALYZER_NONNULL = YES;
				CLANG_ANALYZER_NUMBER_OBJECT_CONVERSION = YES_AGGRESSIVE;
				CLANG_CXX_LANGUAGE_STANDARD = "gnu++14";
				CLANG_CXX_LIBRARY = "libc++";
				CLANG_ENABLE_MODULES = YES;
				CLANG_ENABLE_OBJC_ARC = YES;
				CLANG_ENABLE_OBJC_WEAK = YES;
				CLANG_WARN_BLOCK_CAPTURE_AUTORELEASING = YES;
				CLANG_WARN_BOOL_CONVERSION = YES;
				CLANG_WARN_COMMA = YES;
				CLANG_WARN_CONSTANT_CONVERSION = YES;
				CLANG_WARN_DEPRECATED_OBJC_IMPLEMENTATIONS = YES;
				CLANG_WARN_DIRECT_OBJC_ISA_USAGE = YES_ERROR;
				CLANG_WARN_DOCUMENTATION_COMMENTS = YES;
				CLANG_WARN_EMPTY_BODY = YES;
				CLANG_WARN_ENUM_CONVERSION = YES;
				CLANG_WARN_INFINITE_RECURSION = YES;
				CLANG_WARN_INT_CONVERSION = YES;
				CLANG_WARN_NON_LITERAL_NULL_CONVERSION = YES;
				CLANG_WARN_OBJC_IMPLICIT_RETAIN_SELF = YES;
				CLANG_WARN_OBJC_LITERAL_CONVERSION = YES;
				CLANG_WARN_OBJC_ROOT_CLASS = YES_ERROR;
				CLANG_WARN_QUOTED_INCLUDE_IN_FRAMEWORK_HEADER = YES;
				CLANG_WARN_RANGE_LOOP_ANALYSIS = YES;
				CLANG_WARN_STRICT_PROTOTYPES = YES;
				CLANG_WARN_SUSPICIOUS_MOVE = YES;
				CLANG_WARN_UNGUARDED_AVAILABILITY = YES_AGGRESSIVE;
				CLANG_WARN_UNREACHABLE_CODE = YES;
				CLANG_WARN__DUPLICATE_METHOD_MATCH = YES;
				COPY_PHASE_STRIP = NO;
				DEBUG_INFORMATION_FORMAT = dwarf;
				ENABLE_STRICT_OBJC_MSGSEND = YES;
				ENABLE_TESTABILITY = YES;
				GCC_C_LANGUAGE_STANDARD = gnu11;
				GCC_DYNAMIC_NO_PIC = NO;
				GCC_NO_COMMON_BLOCKS = YES;
				GCC_OPTIMIZATION_LEVEL = 0;
				GCC_PREPROCESSOR_DEFINITIONS = (
					"DEBUG=1",
					"$(inherited)",
				);
				GCC_WARN_64_TO_32_BIT_CONVERSION = YES;
				GCC_WARN_ABOUT_RETURN_TYPE = YES_ERROR;
				GCC_WARN_UNDECLARED_SELECTOR = YES;
				GCC_WARN_UNINITIALIZED_AUTOS = YES_AGGRESSIVE;
				GCC_WARN_UNUSED_FUNCTION = YES;
				GCC_WARN_UNUSED_VARIABLE = YES;
				IPHONEOS_DEPLOYMENT_TARGET = 14.0;
				MTL_ENABLE_DEBUG_INFO = INCLUDE_SOURCE;
				MTL_FAST_MATH = YES;
				ONLY_ACTIVE_ARCH = YES;
				SDKROOT = iphoneos;
				SWIFT_ACTIVE_COMPILATION_CONDITIONS = DEBUG;
				SWIFT_OPTIMIZATION_LEVEL = "-Onone";
			};
			name = Debug;
		};
		A4A6ED882516FE32006F16C5 /* Release */ = {
			isa = XCBuildConfiguration;
			buildSettings = {
				ALWAYS_SEARCH_USER_PATHS = NO;
				CLANG_ANALYZER_NONNULL = YES;
				CLANG_ANALYZER_NUMBER_OBJECT_CONVERSION = YES_AGGRESSIVE;
				CLANG_CXX_LANGUAGE_STANDARD = "gnu++14";
				CLANG_CXX_LIBRARY = "libc++";
				CLANG_ENABLE_MODULES = YES;
				CLANG_ENABLE_OBJC_ARC = YES;
				CLANG_ENABLE_OBJC_WEAK = YES;
				CLANG_WARN_BLOCK_CAPTURE_AUTORELEASING = YES;
				CLANG_WARN_BOOL_CONVERSION = YES;
				CLANG_WARN_COMMA = YES;
				CLANG_WARN_CONSTANT_CONVERSION = YES;
				CLANG_WARN_DEPRECATED_OBJC_IMPLEMENTATIONS = YES;
				CLANG_WARN_DIRECT_OBJC_ISA_USAGE = YES_ERROR;
				CLANG_WARN_DOCUMENTATION_COMMENTS = YES;
				CLANG_WARN_EMPTY_BODY = YES;
				CLANG_WARN_ENUM_CONVERSION = YES;
				CLANG_WARN_INFINITE_RECURSION = YES;
				CLANG_WARN_INT_CONVERSION = YES;
				CLANG_WARN_NON_LITERAL_NULL_CONVERSION = YES;
				CLANG_WARN_OBJC_IMPLICIT_RETAIN_SELF = YES;
				CLANG_WARN_OBJC_LITERAL_CONVERSION = YES;
				CLANG_WARN_OBJC_ROOT_CLASS = YES_ERROR;
				CLANG_WARN_QUOTED_INCLUDE_IN_FRAMEWORK_HEADER = YES;
				CLANG_WARN_RANGE_LOOP_ANALYSIS = YES;
				CLANG_WARN_STRICT_PROTOTYPES = YES;
				CLANG_WARN_SUSPICIOUS_MOVE = YES;
				CLANG_WARN_UNGUARDED_AVAILABILITY = YES_AGGRESSIVE;
				CLANG_WARN_UNREACHABLE_CODE = YES;
				CLANG_WARN__DUPLICATE_METHOD_MATCH = YES;
				COPY_PHASE_STRIP = NO;
				DEBUG_INFORMATION_FORMAT = "dwarf-with-dsym";
				ENABLE_NS_ASSERTIONS = NO;
				ENABLE_STRICT_OBJC_MSGSEND = YES;
				GCC_C_LANGUAGE_STANDARD = gnu11;
				GCC_NO_COMMON_BLOCKS = YES;
				GCC_WARN_64_TO_32_BIT_CONVERSION = YES;
				GCC_WARN_ABOUT_RETURN_TYPE = YES_ERROR;
				GCC_WARN_UNDECLARED_SELECTOR = YES;
				GCC_WARN_UNINITIALIZED_AUTOS = YES_AGGRESSIVE;
				GCC_WARN_UNUSED_FUNCTION = YES;
				GCC_WARN_UNUSED_VARIABLE = YES;
				IPHONEOS_DEPLOYMENT_TARGET = 14.0;
				MTL_ENABLE_DEBUG_INFO = NO;
				MTL_FAST_MATH = YES;
				SDKROOT = iphoneos;
				SWIFT_COMPILATION_MODE = wholemodule;
				SWIFT_OPTIMIZATION_LEVEL = "-O";
				VALIDATE_PRODUCT = YES;
			};
			name = Release;
		};
		A4A6ED8A2516FE32006F16C5 /* Debug */ = {
			isa = XCBuildConfiguration;
			buildSettings = {
				ASSETCATALOG_COMPILER_APPICON_NAME = AppIcon;
				ASSETCATALOG_COMPILER_GLOBAL_ACCENT_COLOR_NAME = AccentColor;
				CODE_SIGN_STYLE = Automatic;
				DEVELOPMENT_ASSET_PATHS = "\"AnimatedLoadingWaves/Preview Content\"";
				DEVELOPMENT_TEAM = 493S77954X;
				ENABLE_PREVIEWS = YES;
				INFOPLIST_FILE = AnimatedLoadingWaves/Info.plist;
				LD_RUNPATH_SEARCH_PATHS = (
					"$(inherited)",
					"@executable_path/Frameworks",
				);
				PRODUCT_BUNDLE_IDENTIFIER = com.arvind.com.AnimatedLoadingWaves;
				PRODUCT_NAME = "$(TARGET_NAME)";
				SWIFT_VERSION = 5.0;
				TARGETED_DEVICE_FAMILY = "1,2";
			};
			name = Debug;
		};
		A4A6ED8B2516FE32006F16C5 /* Release */ = {
			isa = XCBuildConfiguration;
			buildSettings = {
				ASSETCATALOG_COMPILER_APPICON_NAME = AppIcon;
				ASSETCATALOG_COMPILER_GLOBAL_ACCENT_COLOR_NAME = AccentColor;
				CODE_SIGN_STYLE = Automatic;
				DEVELOPMENT_ASSET_PATHS = "\"AnimatedLoadingWaves/Preview Content\"";
				DEVELOPMENT_TEAM = 493S77954X;
				ENABLE_PREVIEWS = YES;
				INFOPLIST_FILE = AnimatedLoadingWaves/Info.plist;
				LD_RUNPATH_SEARCH_PATHS = (
					"$(inherited)",
					"@executable_path/Frameworks",
				);
				PRODUCT_BUNDLE_IDENTIFIER = com.arvind.com.AnimatedLoadingWaves;
				PRODUCT_NAME = "$(TARGET_NAME)";
				SWIFT_VERSION = 5.0;
				TARGETED_DEVICE_FAMILY = "1,2";
			};
			name = Release;
		};
		A4A6ED8D2516FE32006F16C5 /* Debug */ = {
			isa = XCBuildConfiguration;
			buildSettings = {
				ALWAYS_EMBED_SWIFT_STANDARD_LIBRARIES = YES;
				BUNDLE_LOADER = "$(TEST_HOST)";
				CODE_SIGN_STYLE = Automatic;
				DEVELOPMENT_TEAM = 493S77954X;
				INFOPLIST_FILE = AnimatedLoadingWavesTests/Info.plist;
				IPHONEOS_DEPLOYMENT_TARGET = 14.0;
				LD_RUNPATH_SEARCH_PATHS = (
					"$(inherited)",
					"@executable_path/Frameworks",
					"@loader_path/Frameworks",
				);
				PRODUCT_BUNDLE_IDENTIFIER = com.arvind.com.AnimatedLoadingWavesTests;
				PRODUCT_NAME = "$(TARGET_NAME)";
				SWIFT_VERSION = 5.0;
				TARGETED_DEVICE_FAMILY = "1,2";
				TEST_HOST = "$(BUILT_PRODUCTS_DIR)/AnimatedLoadingWaves.app/AnimatedLoadingWaves";
			};
			name = Debug;
		};
		A4A6ED8E2516FE32006F16C5 /* Release */ = {
			isa = XCBuildConfiguration;
			buildSettings = {
				ALWAYS_EMBED_SWIFT_STANDARD_LIBRARIES = YES;
				BUNDLE_LOADER = "$(TEST_HOST)";
				CODE_SIGN_STYLE = Automatic;
				DEVELOPMENT_TEAM = 493S77954X;
				INFOPLIST_FILE = AnimatedLoadingWavesTests/Info.plist;
				IPHONEOS_DEPLOYMENT_TARGET = 14.0;
				LD_RUNPATH_SEARCH_PATHS = (
					"$(inherited)",
					"@executable_path/Frameworks",
					"@loader_path/Frameworks",
				);
				PRODUCT_BUNDLE_IDENTIFIER = com.arvind.com.AnimatedLoadingWavesTests;
				PRODUCT_NAME = "$(TARGET_NAME)";
				SWIFT_VERSION = 5.0;
				TARGETED_DEVICE_FAMILY = "1,2";
				TEST_HOST = "$(BUILT_PRODUCTS_DIR)/AnimatedLoadingWaves.app/AnimatedLoadingWaves";
			};
			name = Release;
		};
		A4A6ED902516FE32006F16C5 /* Debug */ = {
			isa = XCBuildConfiguration;
			buildSettings = {
				ALWAYS_EMBED_SWIFT_STANDARD_LIBRARIES = YES;
				CODE_SIGN_STYLE = Automatic;
				DEVELOPMENT_TEAM = 493S77954X;
				INFOPLIST_FILE = AnimatedLoadingWavesUITests/Info.plist;
				LD_RUNPATH_SEARCH_PATHS = (
					"$(inherited)",
					"@executable_path/Frameworks",
					"@loader_path/Frameworks",
				);
				PRODUCT_BUNDLE_IDENTIFIER = com.arvind.com.AnimatedLoadingWavesUITests;
				PRODUCT_NAME = "$(TARGET_NAME)";
				SWIFT_VERSION = 5.0;
				TARGETED_DEVICE_FAMILY = "1,2";
				TEST_TARGET_NAME = AnimatedLoadingWaves;
			};
			name = Debug;
		};
		A4A6ED912516FE32006F16C5 /* Release */ = {
			isa = XCBuildConfiguration;
			buildSettings = {
				ALWAYS_EMBED_SWIFT_STANDARD_LIBRARIES = YES;
				CODE_SIGN_STYLE = Automatic;
				DEVELOPMENT_TEAM = 493S77954X;
				INFOPLIST_FILE = AnimatedLoadingWavesUITests/Info.plist;
				LD_RUNPATH_SEARCH_PATHS = (
					"$(inherited)",
					"@executable_path/Frameworks",
					"@loader_path/Frameworks",
				);
				PRODUCT_BUNDLE_IDENTIFIER = com.arvind.com.AnimatedLoadingWavesUITests;
				PRODUCT_NAME = "$(TARGET_NAME)";
				SWIFT_VERSION = 5.0;
				TARGETED_DEVICE_FAMILY = "1,2";
				TEST_TARGET_NAME = AnimatedLoadingWaves;
			};
			name = Release;
		};
/* End XCBuildConfiguration section */

/* Begin XCConfigurationList section */
		A4A6ED5A2516FE31006F16C5 /* Build configuration list for PBXProject "AnimatedLoadingWaves" */ = {
			isa = XCConfigurationList;
			buildConfigurations = (
				A4A6ED872516FE32006F16C5 /* Debug */,
				A4A6ED882516FE32006F16C5 /* Release */,
			);
			defaultConfigurationIsVisible = 0;
			defaultConfigurationName = Release;
		};
		A4A6ED892516FE32006F16C5 /* Build configuration list for PBXNativeTarget "AnimatedLoadingWaves" */ = {
			isa = XCConfigurationList;
			buildConfigurations = (
				A4A6ED8A2516FE32006F16C5 /* Debug */,
				A4A6ED8B2516FE32006F16C5 /* Release */,
			);
			defaultConfigurationIsVisible = 0;
			defaultConfigurationName = Release;
		};
		A4A6ED8C2516FE32006F16C5 /* Build configuration list for PBXNativeTarget "AnimatedLoadingWavesTests" */ = {
			isa = XCConfigurationList;
			buildConfigurations = (
				A4A6ED8D2516FE32006F16C5 /* Debug */,
				A4A6ED8E2516FE32006F16C5 /* Release */,
			);
			defaultConfigurationIsVisible = 0;
			defaultConfigurationName = Release;
		};
		A4A6ED8F2516FE32006F16C5 /* Build configuration list for PBXNativeTarget "AnimatedLoadingWavesUITests" */ = {
			isa = XCConfigurationList;
			buildConfigurations = (
				A4A6ED902516FE32006F16C5 /* Debug */,
				A4A6ED912516FE32006F16C5 /* Release */,
			);
			defaultConfigurationIsVisible = 0;
			defaultConfigurationName = Release;
		};
/* End XCConfigurationList section */
	};
	rootObject = A4A6ED572516FE31006F16C5 /* Project object */;
}
