// !$*UTF8*$!
{
	archiveVersion = 1;
	classes = {
	};
	objectVersion = 50;
	objects = {

/* Begin PBXBuildFile section */
		A4CAC0C5257735970003961C /* Assets.xcassets in Resources */ = {isa = PBXBuildFile; fileRef = A4CAC0C4257735970003961C /* Assets.xcassets */; };
		A4CAC0C8257735970003961C /* Preview Assets.xcassets in Resources */ = {isa = PBXBuildFile; fileRef = A4CAC0C7257735970003961C /* Preview Assets.xcassets */; };
		A4CAC0CB257735970003961C /* LaunchScreen.storyboard in Resources */ = {isa = PBXBuildFile; fileRef = A4CAC0C9257735970003961C /* LaunchScreen.storyboard */; };
		A4CAC0D5257735B80003961C /* Ripple.swift in Sources */ = {isa = PBXBuildFile; fileRef = A4CAC0D4257735B80003961C /* Ripple.swift */; };
		A4CAC0DA257735C30003961C /* RootView.swift in Sources */ = {isa = PBXBuildFile; fileRef = A4CAC0D8257735C30003961C /* RootView.swift */; };
		A4CAC0DB257735C30003961C /* ContentView.swift in Sources */ = {isa = PBXBuildFile; fileRef = A4CAC0D9257735C30003961C /* ContentView.swift */; };
		A4CAC0EC257735DF0003961C /* ButtonProvider.swift in Sources */ = {isa = PBXBuildFile; fileRef = A4CAC0E0257735DF0003961C /* ButtonProvider.swift */; };
		A4CAC0ED257735DF0003961C /* AppDelegate.swift in Sources */ = {isa = PBXBuildFile; fileRef = A4CAC0E2257735DF0003961C /* AppDelegate.swift */; };
		A4CAC0EE257735DF0003961C /* SceneDelegate.swift in Sources */ = {isa = PBXBuildFile; fileRef = A4CAC0E3257735DF0003961C /* SceneDelegate.swift */; };
		A4CAC0EF257735DF0003961C /* UserProfile.swift in Sources */ = {isa = PBXBuildFile; fileRef = A4CAC0E5257735DF0003961C /* UserProfile.swift */; };
		A4CAC0F0257735DF0003961C /* TextProvider.swift in Sources */ = {isa = PBXBuildFile; fileRef = A4CAC0E7257735DF0003961C /* TextProvider.swift */; };
		A4CAC0F1257735DF0003961C /* ProfileModel.swift in Sources */ = {isa = PBXBuildFile; fileRef = A4CAC0E9257735DF0003961C /* ProfileModel.swift */; };
		A4CAC0F9257735F30003961C /* ImageProvider.swift in Sources */ = {isa = PBXBuildFile; fileRef = A4CAC0F5257735F30003961C /* ImageProvider.swift */; };
/* End PBXBuildFile section */

/* Begin PBXFileReference section */
		A4CAC0BB257735930003961C /* tinder-template.app */ = {isa = PBXFileReference; explicitFileType = wrapper.application; includeInIndex = 0; path = "tinder-template.app"; sourceTree = BUILT_PRODUCTS_DIR; };
		A4CAC0C4257735970003961C /* Assets.xcassets */ = {isa = PBXFileReference; lastKnownFileType = folder.assetcatalog; path = Assets.xcassets; sourceTree = "<group>"; };
		A4CAC0C7257735970003961C /* Preview Assets.xcassets */ = {isa = PBXFileReference; lastKnownFileType = folder.assetcatalog; path = "Preview Assets.xcassets"; sourceTree = "<group>"; };
		A4CAC0CA257735970003961C /* Base */ = {isa = PBXFileReference; lastKnownFileType = file.storyboard; name = Base; path = Base.lproj/LaunchScreen.storyboard; sourceTree = "<group>"; };
		A4CAC0CC257735970003961C /* Info.plist */ = {isa = PBXFileReference; lastKnownFileType = text.plist.xml; path = Info.plist; sourceTree = "<group>"; };
		A4CAC0D4257735B80003961C /* Ripple.swift */ = {isa = PBXFileReference; fileEncoding = 4; lastKnownFileType = sourcecode.swift; path = Ripple.swift; sourceTree = "<group>"; };
		A4CAC0D8257735C30003961C /* RootView.swift */ = {isa = PBXFileReference; fileEncoding = 4; lastKnownFileType = sourcecode.swift; path = RootView.swift; sourceTree = "<group>"; };
		A4CAC0D9257735C30003961C /* ContentView.swift */ = {isa = PBXFileReference; fileEncoding = 4; lastKnownFileType = sourcecode.swift; path = ContentView.swift; sourceTree = "<group>"; };
		A4CAC0E0257735DF0003961C /* ButtonProvider.swift */ = {isa = PBXFileReference; fileEncoding = 4; lastKnownFileType = sourcecode.swift; path = ButtonProvider.swift; sourceTree = "<group>"; };
		A4CAC0E2257735DF0003961C /* AppDelegate.swift */ = {isa = PBXFileReference; fileEncoding = 4; lastKnownFileType = sourcecode.swift; path = AppDelegate.swift; sourceTree = "<group>"; };
		A4CAC0E3257735DF0003961C /* SceneDelegate.swift */ = {isa = PBXFileReference; fileEncoding = 4; lastKnownFileType = sourcecode.swift; path = SceneDelegate.swift; sourceTree = "<group>"; };
		A4CAC0E5257735DF0003961C /* UserProfile.swift */ = {isa = PBXFileReference; fileEncoding = 4; lastKnownFileType = sourcecode.swift; path = UserProfile.swift; sourceTree = "<group>"; };
		A4CAC0E7257735DF0003961C /* TextProvider.swift */ = {isa = PBXFileReference; fileEncoding = 4; lastKnownFileType = sourcecode.swift; path = TextProvider.swift; sourceTree = "<group>"; };
		A4CAC0E9257735DF0003961C /* ProfileModel.swift */ = {isa = PBXFileReference; fileEncoding = 4; lastKnownFileType = sourcecode.swift; path = ProfileModel.swift; sourceTree = "<group>"; };
		A4CAC0F5257735F30003961C /* ImageProvider.swift */ = {isa = PBXFileReference; fileEncoding = 4; lastKnownFileType = sourcecode.swift; path = ImageProvider.swift; sourceTree = "<group>"; };
/* End PBXFileReference section */

/* Begin PBXFrameworksBuildPhase section */
		A4CAC0B8257735930003961C /* Frameworks */ = {
			isa = PBXFrameworksBuildPhase;
			buildActionMask = 2147483647;
			files = (
			);
			runOnlyForDeploymentPostprocessing = 0;
		};
/* End PBXFrameworksBuildPhase section */

/* Begin PBXGroup section */
		A4CAC0B2257735930003961C = {
			isa = PBXGroup;
			children = (
				A4CAC0BD257735930003961C /* tinder-template */,
				A4CAC0BC257735930003961C /* Products */,
			);
			sourceTree = "<group>";
		};
		A4CAC0BC257735930003961C /* Products */ = {
			isa = PBXGroup;
			children = (
				A4CAC0BB257735930003961C /* tinder-template.app */,
			);
			name = Products;
			sourceTree = "<group>";
		};
		A4CAC0BD257735930003961C /* tinder-template */ = {
			isa = PBXGroup;
			children = (
				A4CAC0E1257735DF0003961C /* AppDelegate */,
				A4CAC0D7257735C30003961C /* ContentView */,
				A4CAC0E4257735DF0003961C /* UserProfile */,
				A4CAC0E8257735DF0003961C /* ProfileModel */,
				A4CAC0DF257735DF0003961C /* ButtonProvider */,
				A4CAC0E6257735DF0003961C /* TextProvider */,
				A4CAC0F4257735F30003961C /* ImageProvider */,
				A4CAC0D3257735B80003961C /* Ripple */,
				A4CAC0F6257735F30003961C /* StoryBoard */,
				A4CAC0EA257735DF0003961C /* Resource */,
				A4CAC0CC257735970003961C /* Info.plist */,
				A4CAC0C6257735970003961C /* Preview Content */,
			);
			path = "tinder-template";
			sourceTree = "<group>";
		};
		A4CAC0C6257735970003961C /* Preview Content */ = {
			isa = PBXGroup;
			children = (
				A4CAC0C7257735970003961C /* Preview Assets.xcassets */,
			);
			path = "Preview Content";
			sourceTree = "<group>";
		};
		A4CAC0D3257735B80003961C /* Ripple */ = {
			isa = PBXGroup;
			children = (
				A4CAC0D4257735B80003961C /* Ripple.swift */,
			);
			path = Ripple;
			sourceTree = "<group>";
		};
		A4CAC0D7257735C30003961C /* ContentView */ = {
			isa = PBXGroup;
			children = (
				A4CAC0D8257735C30003961C /* RootView.swift */,
				A4CAC0D9257735C30003961C /* ContentView.swift */,
			);
			path = ContentView;
			sourceTree = "<group>";
		};
		A4CAC0DF257735DF0003961C /* ButtonProvider */ = {
			isa = PBXGroup;
			children = (
				A4CAC0E0257735DF0003961C /* ButtonProvider.swift */,
			);
			path = ButtonProvider;
			sourceTree = "<group>";
		};
		A4CAC0E1257735DF0003961C /* AppDelegate */ = {
			isa = PBXGroup;
			children = (
				A4CAC0E2257735DF0003961C /* AppDelegate.swift */,
				A4CAC0E3257735DF0003961C /* SceneDelegate.swift */,
			);
			path = AppDelegate;
			sourceTree = "<group>";
		};
		A4CAC0E4257735DF0003961C /* UserProfile */ = {
			isa = PBXGroup;
			children = (
				A4CAC0E5257735DF0003961C /* UserProfile.swift */,
			);
			path = UserProfile;
			sourceTree = "<group>";
		};
		A4CAC0E6257735DF0003961C /* TextProvider */ = {
			isa = PBXGroup;
			children = (
				A4CAC0E7257735DF0003961C /* TextProvider.swift */,
			);
			path = TextProvider;
			sourceTree = "<group>";
		};
		A4CAC0E8257735DF0003961C /* ProfileModel */ = {
			isa = PBXGroup;
			children = (
				A4CAC0E9257735DF0003961C /* ProfileModel.swift */,
			);
			path = ProfileModel;
			sourceTree = "<group>";
		};
		A4CAC0EA257735DF0003961C /* Resource */ = {
			isa = PBXGroup;
			children = (
				A4CAC0C4257735970003961C /* Assets.xcassets */,
			);
			path = Resource;
			sourceTree = "<group>";
		};
		A4CAC0F4257735F30003961C /* ImageProvider */ = {
			isa = PBXGroup;
			children = (
				A4CAC0F5257735F30003961C /* ImageProvider.swift */,
			);
			path = ImageProvider;
			sourceTree = "<group>";
		};
		A4CAC0F6257735F30003961C /* StoryBoard */ = {
			isa = PBXGroup;
			children = (
				A4CAC0C9257735970003961C /* LaunchScreen.storyboard */,
			);
			path = StoryBoard;
			sourceTree = "<group>";
		};
/* End PBXGroup section */

/* Begin PBXNativeTarget section */
		A4CAC0BA257735930003961C /* tinder-template */ = {
			isa = PBXNativeTarget;
			buildConfigurationList = A4CAC0CF257735970003961C /* Build configuration list for PBXNativeTarget "tinder-template" */;
			buildPhases = (
				A4CAC0B7257735930003961C /* Sources */,
				A4CAC0B8257735930003961C /* Frameworks */,
				A4CAC0B9257735930003961C /* Resources */,
			);
			buildRules = (
			);
			dependencies = (
			);
			name = "tinder-template";
			productName = "tinder-template";
			productReference = A4CAC0BB257735930003961C /* tinder-template.app */;
			productType = "com.apple.product-type.application";
		};
/* End PBXNativeTarget section */

/* Begin PBXProject section */
		A4CAC0B3257735930003961C /* Project object */ = {
			isa = PBXProject;
			attributes = {
				LastSwiftUpdateCheck = 1210;
				LastUpgradeCheck = 1210;
				TargetAttributes = {
					A4CAC0BA257735930003961C = {
						CreatedOnToolsVersion = 12.1;
					};
				};
			};
			buildConfigurationList = A4CAC0B6257735930003961C /* Build configuration list for PBXProject "tinder-template" */;
			compatibilityVersion = "Xcode 9.3";
			developmentRegion = en;
			hasScannedForEncodings = 0;
			knownRegions = (
				en,
				Base,
			);
			mainGroup = A4CAC0B2257735930003961C;
			productRefGroup = A4CAC0BC257735930003961C /* Products */;
			projectDirPath = "";
			projectRoot = "";
			targets = (
				A4CAC0BA257735930003961C /* tinder-template */,
			);
		};
/* End PBXProject section */

/* Begin PBXResourcesBuildPhase section */
		A4CAC0B9257735930003961C /* Resources */ = {
			isa = PBXResourcesBuildPhase;
			buildActionMask = 2147483647;
			files = (
				A4CAC0CB257735970003961C /* LaunchScreen.storyboard in Resources */,
				A4CAC0C8257735970003961C /* Preview Assets.xcassets in Resources */,
				A4CAC0C5257735970003961C /* Assets.xcassets in Resources */,
			);
			runOnlyForDeploymentPostprocessing = 0;
		};
/* End PBXResourcesBuildPhase section */

/* Begin PBXSourcesBuildPhase section */
		A4CAC0B7257735930003961C /* Sources */ = {
			isa = PBXSourcesBuildPhase;
			buildActionMask = 2147483647;
			files = (
				A4CAC0F9257735F30003961C /* ImageProvider.swift in Sources */,
				A4CAC0F1257735DF0003961C /* ProfileModel.swift in Sources */,
				A4CAC0DB257735C30003961C /* ContentView.swift in Sources */,
				A4CAC0D5257735B80003961C /* Ripple.swift in Sources */,
				A4CAC0EF257735DF0003961C /* UserProfile.swift in Sources */,
				A4CAC0EC257735DF0003961C /* ButtonProvider.swift in Sources */,
				A4CAC0ED257735DF0003961C /* AppDelegate.swift in Sources */,
				A4CAC0F0257735DF0003961C /* TextProvider.swift in Sources */,
				A4CAC0DA257735C30003961C /* RootView.swift in Sources */,
				A4CAC0EE257735DF0003961C /* SceneDelegate.swift in Sources */,
			);
			runOnlyForDeploymentPostprocessing = 0;
		};
/* End PBXSourcesBuildPhase section */

/* Begin PBXVariantGroup section */
		A4CAC0C9257735970003961C /* LaunchScreen.storyboard */ = {
			isa = PBXVariantGroup;
			children = (
				A4CAC0CA257735970003961C /* Base */,
			);
			name = LaunchScreen.storyboard;
			sourceTree = "<group>";
		};
/* End PBXVariantGroup section */

/* Begin XCBuildConfiguration section */
		A4CAC0CD257735970003961C /* Debug */ = {
			isa = XCBuildConfiguration;
			buildSettings = {
				ALWAYS_SEARCH_USER_PATHS = NO;
				CLANG_ANALYZER_NONNULL = YES;
				CLANG_ANALYZER_NUMBER_OBJECT_CONVERSION = YES_AGGRESSIVE;
				CLANG_CXX_LANGUAGE_STANDARD = "gnu++14";
				CLANG_CXX_LIBRARY = "libc++";
				CLANG_ENABLE_MODULES = YES;
				CLANG_ENABLE_OBJC_ARC = YES;
				CLANG_ENABLE_OBJC_WEAK = YES;
				CLANG_WARN_BLOCK_CAPTURE_AUTORELEASING = YES;
				CLANG_WARN_BOOL_CONVERSION = YES;
				CLANG_WARN_COMMA = YES;
				CLANG_WARN_CONSTANT_CONVERSION = YES;
				CLANG_WARN_DEPRECATED_OBJC_IMPLEMENTATIONS = YES;
				CLANG_WARN_DIRECT_OBJC_ISA_USAGE = YES_ERROR;
				CLANG_WARN_DOCUMENTATION_COMMENTS = YES;
				CLANG_WARN_EMPTY_BODY = YES;
				CLANG_WARN_ENUM_CONVERSION = YES;
				CLANG_WARN_INFINITE_RECURSION = YES;
				CLANG_WARN_INT_CONVERSION = YES;
				CLANG_WARN_NON_LITERAL_NULL_CONVERSION = YES;
				CLANG_WARN_OBJC_IMPLICIT_RETAIN_SELF = YES;
				CLANG_WARN_OBJC_LITERAL_CONVERSION = YES;
				CLANG_WARN_OBJC_ROOT_CLASS = YES_ERROR;
				CLANG_WARN_QUOTED_INCLUDE_IN_FRAMEWORK_HEADER = YES;
				CLANG_WARN_RANGE_LOOP_ANALYSIS = YES;
				CLANG_WARN_STRICT_PROTOTYPES = YES;
				CLANG_WARN_SUSPICIOUS_MOVE = YES;
				CLANG_WARN_UNGUARDED_AVAILABILITY = YES_AGGRESSIVE;
				CLANG_WARN_UNREACHABLE_CODE = YES;
				CLANG_WARN__DUPLICATE_METHOD_MATCH = YES;
				COPY_PHASE_STRIP = NO;
				DEBUG_INFORMATION_FORMAT = dwarf;
				ENABLE_STRICT_OBJC_MSGSEND = YES;
				ENABLE_TESTABILITY = YES;
				GCC_C_LANGUAGE_STANDARD = gnu11;
				GCC_DYNAMIC_NO_PIC = NO;
				GCC_NO_COMMON_BLOCKS = YES;
				GCC_OPTIMIZATION_LEVEL = 0;
				GCC_PREPROCESSOR_DEFINITIONS = (
					"DEBUG=1",
					"$(inherited)",
				);
				GCC_WARN_64_TO_32_BIT_CONVERSION = YES;
				GCC_WARN_ABOUT_RETURN_TYPE = YES_ERROR;
				GCC_WARN_UNDECLARED_SELECTOR = YES;
				GCC_WARN_UNINITIALIZED_AUTOS = YES_AGGRESSIVE;
				GCC_WARN_UNUSED_FUNCTION = YES;
				GCC_WARN_UNUSED_VARIABLE = YES;
				IPHONEOS_DEPLOYMENT_TARGET = 14.1;
				MTL_ENABLE_DEBUG_INFO = INCLUDE_SOURCE;
				MTL_FAST_MATH = YES;
				ONLY_ACTIVE_ARCH = YES;
				SDKROOT = iphoneos;
				SWIFT_ACTIVE_COMPILATION_CONDITIONS = DEBUG;
				SWIFT_OPTIMIZATION_LEVEL = "-Onone";
			};
			name = Debug;
		};
		A4CAC0CE257735970003961C /* Release */ = {
			isa = XCBuildConfiguration;
			buildSettings = {
				ALWAYS_SEARCH_USER_PATHS = NO;
				CLANG_ANALYZER_NONNULL = YES;
				CLANG_ANALYZER_NUMBER_OBJECT_CONVERSION = YES_AGGRESSIVE;
				CLANG_CXX_LANGUAGE_STANDARD = "gnu++14";
				CLANG_CXX_LIBRARY = "libc++";
				CLANG_ENABLE_MODULES = YES;
				CLANG_ENABLE_OBJC_ARC = YES;
				CLANG_ENABLE_OBJC_WEAK = YES;
				CLANG_WARN_BLOCK_CAPTURE_AUTORELEASING = YES;
				CLANG_WARN_BOOL_CONVERSION = YES;
				CLANG_WARN_COMMA = YES;
				CLANG_WARN_CONSTANT_CONVERSION = YES;
				CLANG_WARN_DEPRECATED_OBJC_IMPLEMENTATIONS = YES;
				CLANG_WARN_DIRECT_OBJC_ISA_USAGE = YES_ERROR;
				CLANG_WARN_DOCUMENTATION_COMMENTS = YES;
				CLANG_WARN_EMPTY_BODY = YES;
				CLANG_WARN_ENUM_CONVERSION = YES;
				CLANG_WARN_INFINITE_RECURSION = YES;
				CLANG_WARN_INT_CONVERSION = YES;
				CLANG_WARN_NON_LITERAL_NULL_CONVERSION = YES;
				CLANG_WARN_OBJC_IMPLICIT_RETAIN_SELF = YES;
				CLANG_WARN_OBJC_LITERAL_CONVERSION = YES;
				CLANG_WARN_OBJC_ROOT_CLASS = YES_ERROR;
				CLANG_WARN_QUOTED_INCLUDE_IN_FRAMEWORK_HEADER = YES;
				CLANG_WARN_RANGE_LOOP_ANALYSIS = YES;
				CLANG_WARN_STRICT_PROTOTYPES = YES;
				CLANG_WARN_SUSPICIOUS_MOVE = YES;
				CLANG_WARN_UNGUARDED_AVAILABILITY = YES_AGGRESSIVE;
				CLANG_WARN_UNREACHABLE_CODE = YES;
				CLANG_WARN__DUPLICATE_METHOD_MATCH = YES;
				COPY_PHASE_STRIP = NO;
				DEBUG_INFORMATION_FORMAT = "dwarf-with-dsym";
				ENABLE_NS_ASSERTIONS = NO;
				ENABLE_STRICT_OBJC_MSGSEND = YES;
				GCC_C_LANGUAGE_STANDARD = gnu11;
				GCC_NO_COMMON_BLOCKS = YES;
				GCC_WARN_64_TO_32_BIT_CONVERSION = YES;
				GCC_WARN_ABOUT_RETURN_TYPE = YES_ERROR;
				GCC_WARN_UNDECLARED_SELECTOR = YES;
				GCC_WARN_UNINITIALIZED_AUTOS = YES_AGGRESSIVE;
				GCC_WARN_UNUSED_FUNCTION = YES;
				GCC_WARN_UNUSED_VARIABLE = YES;
				IPHONEOS_DEPLOYMENT_TARGET = 14.1;
				MTL_ENABLE_DEBUG_INFO = NO;
				MTL_FAST_MATH = YES;
				SDKROOT = iphoneos;
				SWIFT_COMPILATION_MODE = wholemodule;
				SWIFT_OPTIMIZATION_LEVEL = "-O";
				VALIDATE_PRODUCT = YES;
			};
			name = Release;
		};
		A4CAC0D0257735970003961C /* Debug */ = {
			isa = XCBuildConfiguration;
			buildSettings = {
				ASSETCATALOG_COMPILER_APPICON_NAME = AppIcon;
				ASSETCATALOG_COMPILER_GLOBAL_ACCENT_COLOR_NAME = AccentColor;
				CODE_SIGN_STYLE = Automatic;
				DEVELOPMENT_ASSET_PATHS = "\"tinder-template/Preview Content\"";
				DEVELOPMENT_TEAM = 493S77954X;
				ENABLE_PREVIEWS = YES;
				INFOPLIST_FILE = "tinder-template/Info.plist";
				LD_RUNPATH_SEARCH_PATHS = (
					"$(inherited)",
					"@executable_path/Frameworks",
				);
				PRODUCT_BUNDLE_IDENTIFIER = "com.codewithArvind.com.tinder-template";
				PRODUCT_NAME = "$(TARGET_NAME)";
				SWIFT_VERSION = 5.0;
				TARGETED_DEVICE_FAMILY = "1,2";
			};
			name = Debug;
		};
		A4CAC0D1257735970003961C /* Release */ = {
			isa = XCBuildConfiguration;
			buildSettings = {
				ASSETCATALOG_COMPILER_APPICON_NAME = AppIcon;
				ASSETCATALOG_COMPILER_GLOBAL_ACCENT_COLOR_NAME = AccentColor;
				CODE_SIGN_STYLE = Automatic;
				DEVELOPMENT_ASSET_PATHS = "\"tinder-template/Preview Content\"";
				DEVELOPMENT_TEAM = 493S77954X;
				ENABLE_PREVIEWS = YES;
				INFOPLIST_FILE = "tinder-template/Info.plist";
				LD_RUNPATH_SEARCH_PATHS = (
					"$(inherited)",
					"@executable_path/Frameworks",
				);
				PRODUCT_BUNDLE_IDENTIFIER = "com.codewithArvind.com.tinder-template";
				PRODUCT_NAME = "$(TARGET_NAME)";
				SWIFT_VERSION = 5.0;
				TARGETED_DEVICE_FAMILY = "1,2";
			};
			name = Release;
		};
/* End XCBuildConfiguration section */

/* Begin XCConfigurationList section */
		A4CAC0B6257735930003961C /* Build configuration list for PBXProject "tinder-template" */ = {
			isa = XCConfigurationList;
			buildConfigurations = (
				A4CAC0CD257735970003961C /* Debug */,
				A4CAC0CE257735970003961C /* Release */,
			);
			defaultConfigurationIsVisible = 0;
			defaultConfigurationName = Release;
		};
		A4CAC0CF257735970003961C /* Build configuration list for PBXNativeTarget "tinder-template" */ = {
			isa = XCConfigurationList;
			buildConfigurations = (
				A4CAC0D0257735970003961C /* Debug */,
				A4CAC0D1257735970003961C /* Release */,
			);
			defaultConfigurationIsVisible = 0;
			defaultConfigurationName = Release;
		};
/* End XCConfigurationList section */
	};
	rootObject = A4CAC0B3257735930003961C /* Project object */;
}
