// !$*UTF8*$!
{
	archiveVersion = 1;
	classes = {
	};
	objectVersion = 50;
	objects = {

/* Begin PBXBuildFile section */
		A47FA36D2580AA7600DAFBFE /* StyleKitName.swift in Sources */ = {isa = PBXBuildFile; fileRef = A47FA36C2580AA7600DAFBFE /* StyleKitName.swift */; };
		A4959F7824E008CB004BB7DA /* AppDelegate.swift in Sources */ = {isa = PBXBuildFile; fileRef = A4959F7724E008CB004BB7DA /* AppDelegate.swift */; };
		A4959F7A24E008CB004BB7DA /* SceneDelegate.swift in Sources */ = {isa = PBXBuildFile; fileRef = A4959F7924E008CB004BB7DA /* SceneDelegate.swift */; };
		A4959F7C24E008CB004BB7DA /* ContentView.swift in Sources */ = {isa = PBXBuildFile; fileRef = A4959F7B24E008CB004BB7DA /* ContentView.swift */; };
		A4959F7E24E008CE004BB7DA /* Assets.xcassets in Resources */ = {isa = PBXBuildFile; fileRef = A4959F7D24E008CE004BB7DA /* Assets.xcassets */; };
		A4959F8124E008CE004BB7DA /* Preview Assets.xcassets in Resources */ = {isa = PBXBuildFile; fileRef = A4959F8024E008CE004BB7DA /* Preview Assets.xcassets */; };
		A4959F8424E008CE004BB7DA /* LaunchScreen.storyboard in Resources */ = {isa = PBXBuildFile; fileRef = A4959F8224E008CE004BB7DA /* LaunchScreen.storyboard */; };
		A4959F8C24E017EF004BB7DA /* MainPageView.swift in Sources */ = {isa = PBXBuildFile; fileRef = A4959F8B24E017EF004BB7DA /* MainPageView.swift */; };
/* End PBXBuildFile section */

/* Begin PBXFileReference section */
		A47FA36C2580AA7600DAFBFE /* StyleKitName.swift */ = {isa = PBXFileReference; fileEncoding = 4; lastKnownFileType = sourcecode.swift; path = StyleKitName.swift; sourceTree = "<group>"; };
		A4959F7424E008CB004BB7DA /* swiftui-toggle.app */ = {isa = PBXFileReference; explicitFileType = wrapper.application; includeInIndex = 0; path = "swiftui-toggle.app"; sourceTree = BUILT_PRODUCTS_DIR; };
		A4959F7724E008CB004BB7DA /* AppDelegate.swift */ = {isa = PBXFileReference; lastKnownFileType = sourcecode.swift; path = AppDelegate.swift; sourceTree = "<group>"; };
		A4959F7924E008CB004BB7DA /* SceneDelegate.swift */ = {isa = PBXFileReference; lastKnownFileType = sourcecode.swift; path = SceneDelegate.swift; sourceTree = "<group>"; };
		A4959F7B24E008CB004BB7DA /* ContentView.swift */ = {isa = PBXFileReference; lastKnownFileType = sourcecode.swift; path = ContentView.swift; sourceTree = "<group>"; };
		A4959F7D24E008CE004BB7DA /* Assets.xcassets */ = {isa = PBXFileReference; lastKnownFileType = folder.assetcatalog; path = Assets.xcassets; sourceTree = "<group>"; };
		A4959F8024E008CE004BB7DA /* Preview Assets.xcassets */ = {isa = PBXFileReference; lastKnownFileType = folder.assetcatalog; path = "Preview Assets.xcassets"; sourceTree = "<group>"; };
		A4959F8324E008CE004BB7DA /* Base */ = {isa = PBXFileReference; lastKnownFileType = file.storyboard; name = Base; path = Base.lproj/LaunchScreen.storyboard; sourceTree = "<group>"; };
		A4959F8524E008CE004BB7DA /* Info.plist */ = {isa = PBXFileReference; lastKnownFileType = text.plist.xml; path = Info.plist; sourceTree = "<group>"; };
		A4959F8B24E017EF004BB7DA /* MainPageView.swift */ = {isa = PBXFileReference; lastKnownFileType = sourcecode.swift; path = MainPageView.swift; sourceTree = "<group>"; };
/* End PBXFileReference section */

/* Begin PBXFrameworksBuildPhase section */
		A4959F7124E008CB004BB7DA /* Frameworks */ = {
			isa = PBXFrameworksBuildPhase;
			buildActionMask = 2147483647;
			files = (
			);
			runOnlyForDeploymentPostprocessing = 0;
		};
/* End PBXFrameworksBuildPhase section */

/* Begin PBXGroup section */
		A4959F6B24E008CB004BB7DA = {
			isa = PBXGroup;
			children = (
				A4959F7624E008CB004BB7DA /* swiftui-toggle */,
				A4959F7524E008CB004BB7DA /* Products */,
			);
			sourceTree = "<group>";
		};
		A4959F7524E008CB004BB7DA /* Products */ = {
			isa = PBXGroup;
			children = (
				A4959F7424E008CB004BB7DA /* swiftui-toggle.app */,
			);
			name = Products;
			sourceTree = "<group>";
		};
		A4959F7624E008CB004BB7DA /* swiftui-toggle */ = {
			isa = PBXGroup;
			children = (
				A4959F7724E008CB004BB7DA /* AppDelegate.swift */,
				A4959F7924E008CB004BB7DA /* SceneDelegate.swift */,
				A4959F7B24E008CB004BB7DA /* ContentView.swift */,
				A47FA36C2580AA7600DAFBFE /* StyleKitName.swift */,
				A4959F7D24E008CE004BB7DA /* Assets.xcassets */,
				A4959F8224E008CE004BB7DA /* LaunchScreen.storyboard */,
				A4959F8524E008CE004BB7DA /* Info.plist */,
				A4959F7F24E008CE004BB7DA /* Preview Content */,
				A4959F8B24E017EF004BB7DA /* MainPageView.swift */,
			);
			path = "swiftui-toggle";
			sourceTree = "<group>";
		};
		A4959F7F24E008CE004BB7DA /* Preview Content */ = {
			isa = PBXGroup;
			children = (
				A4959F8024E008CE004BB7DA /* Preview Assets.xcassets */,
			);
			path = "Preview Content";
			sourceTree = "<group>";
		};
/* End PBXGroup section */

/* Begin PBXNativeTarget section */
		A4959F7324E008CB004BB7DA /* swiftui-toggle */ = {
			isa = PBXNativeTarget;
			buildConfigurationList = A4959F8824E008CE004BB7DA /* Build configuration list for PBXNativeTarget "swiftui-toggle" */;
			buildPhases = (
				A4959F7024E008CB004BB7DA /* Sources */,
				A4959F7124E008CB004BB7DA /* Frameworks */,
				A4959F7224E008CB004BB7DA /* Resources */,
			);
			buildRules = (
			);
			dependencies = (
			);
			name = "swiftui-toggle";
			productName = "swiftui-demo";
			productReference = A4959F7424E008CB004BB7DA /* swiftui-toggle.app */;
			productType = "com.apple.product-type.application";
		};
/* End PBXNativeTarget section */

/* Begin PBXProject section */
		A4959F6C24E008CB004BB7DA /* Project object */ = {
			isa = PBXProject;
			attributes = {
				LastSwiftUpdateCheck = 1160;
				LastUpgradeCheck = 1160;
				ORGANIZATIONNAME = Arvind;
				TargetAttributes = {
					A4959F7324E008CB004BB7DA = {
						CreatedOnToolsVersion = 11.6;
					};
				};
			};
			buildConfigurationList = A4959F6F24E008CB004BB7DA /* Build configuration list for PBXProject "swiftui-toggle" */;
			compatibilityVersion = "Xcode 9.3";
			developmentRegion = en;
			hasScannedForEncodings = 0;
			knownRegions = (
				en,
				Base,
			);
			mainGroup = A4959F6B24E008CB004BB7DA;
			productRefGroup = A4959F7524E008CB004BB7DA /* Products */;
			projectDirPath = "";
			projectRoot = "";
			targets = (
				A4959F7324E008CB004BB7DA /* swiftui-toggle */,
			);
		};
/* End PBXProject section */

/* Begin PBXResourcesBuildPhase section */
		A4959F7224E008CB004BB7DA /* Resources */ = {
			isa = PBXResourcesBuildPhase;
			buildActionMask = 2147483647;
			files = (
				A4959F8424E008CE004BB7DA /* LaunchScreen.storyboard in Resources */,
				A4959F8124E008CE004BB7DA /* Preview Assets.xcassets in Resources */,
				A4959F7E24E008CE004BB7DA /* Assets.xcassets in Resources */,
			);
			runOnlyForDeploymentPostprocessing = 0;
		};
/* End PBXResourcesBuildPhase section */

/* Begin PBXSourcesBuildPhase section */
		A4959F7024E008CB004BB7DA /* Sources */ = {
			isa = PBXSourcesBuildPhase;
			buildActionMask = 2147483647;
			files = (
				A4959F7824E008CB004BB7DA /* AppDelegate.swift in Sources */,
				A4959F7A24E008CB004BB7DA /* SceneDelegate.swift in Sources */,
				A4959F8C24E017EF004BB7DA /* MainPageView.swift in Sources */,
				A4959F7C24E008CB004BB7DA /* ContentView.swift in Sources */,
				A47FA36D2580AA7600DAFBFE /* StyleKitName.swift in Sources */,
			);
			runOnlyForDeploymentPostprocessing = 0;
		};
/* End PBXSourcesBuildPhase section */

/* Begin PBXVariantGroup section */
		A4959F8224E008CE004BB7DA /* LaunchScreen.storyboard */ = {
			isa = PBXVariantGroup;
			children = (
				A4959F8324E008CE004BB7DA /* Base */,
			);
			name = LaunchScreen.storyboard;
			sourceTree = "<group>";
		};
/* End PBXVariantGroup section */

/* Begin XCBuildConfiguration section */
		A4959F8624E008CE004BB7DA /* Debug */ = {
			isa = XCBuildConfiguration;
			buildSettings = {
				ALWAYS_SEARCH_USER_PATHS = NO;
				CLANG_ANALYZER_NONNULL = YES;
				CLANG_ANALYZER_NUMBER_OBJECT_CONVERSION = YES_AGGRESSIVE;
				CLANG_CXX_LANGUAGE_STANDARD = "gnu++14";
				CLANG_CXX_LIBRARY = "libc++";
				CLANG_ENABLE_MODULES = YES;
				CLANG_ENABLE_OBJC_ARC = YES;
				CLANG_ENABLE_OBJC_WEAK = YES;
				CLANG_WARN_BLOCK_CAPTURE_AUTORELEASING = YES;
				CLANG_WARN_BOOL_CONVERSION = YES;
				CLANG_WARN_COMMA = YES;
				CLANG_WARN_CONSTANT_CONVERSION = YES;
				CLANG_WARN_DEPRECATED_OBJC_IMPLEMENTATIONS = YES;
				CLANG_WARN_DIRECT_OBJC_ISA_USAGE = YES_ERROR;
				CLANG_WARN_DOCUMENTATION_COMMENTS = YES;
				CLANG_WARN_EMPTY_BODY = YES;
				CLANG_WARN_ENUM_CONVERSION = YES;
				CLANG_WARN_INFINITE_RECURSION = YES;
				CLANG_WARN_INT_CONVERSION = YES;
				CLANG_WARN_NON_LITERAL_NULL_CONVERSION = YES;
				CLANG_WARN_OBJC_IMPLICIT_RETAIN_SELF = YES;
				CLANG_WARN_OBJC_LITERAL_CONVERSION = YES;
				CLANG_WARN_OBJC_ROOT_CLASS = YES_ERROR;
				CLANG_WARN_RANGE_LOOP_ANALYSIS = YES;
				CLANG_WARN_STRICT_PROTOTYPES = YES;
				CLANG_WARN_SUSPICIOUS_MOVE = YES;
				CLANG_WARN_UNGUARDED_AVAILABILITY = YES_AGGRESSIVE;
				CLANG_WARN_UNREACHABLE_CODE = YES;
				CLANG_WARN__DUPLICATE_METHOD_MATCH = YES;
				COPY_PHASE_STRIP = NO;
				DEBUG_INFORMATION_FORMAT = dwarf;
				ENABLE_STRICT_OBJC_MSGSEND = YES;
				ENABLE_TESTABILITY = YES;
				GCC_C_LANGUAGE_STANDARD = gnu11;
				GCC_DYNAMIC_NO_PIC = NO;
				GCC_NO_COMMON_BLOCKS = YES;
				GCC_OPTIMIZATION_LEVEL = 0;
				GCC_PREPROCESSOR_DEFINITIONS = (
					"DEBUG=1",
					"$(inherited)",
				);
				GCC_WARN_64_TO_32_BIT_CONVERSION = YES;
				GCC_WARN_ABOUT_RETURN_TYPE = YES_ERROR;
				GCC_WARN_UNDECLARED_SELECTOR = YES;
				GCC_WARN_UNINITIALIZED_AUTOS = YES_AGGRESSIVE;
				GCC_WARN_UNUSED_FUNCTION = YES;
				GCC_WARN_UNUSED_VARIABLE = YES;
				IPHONEOS_DEPLOYMENT_TARGET = 13.6;
				MTL_ENABLE_DEBUG_INFO = INCLUDE_SOURCE;
				MTL_FAST_MATH = YES;
				ONLY_ACTIVE_ARCH = YES;
				SDKROOT = iphoneos;
				SWIFT_ACTIVE_COMPILATION_CONDITIONS = DEBUG;
				SWIFT_OPTIMIZATION_LEVEL = "-Onone";
			};
			name = Debug;
		};
		A4959F8724E008CE004BB7DA /* Release */ = {
			isa = XCBuildConfiguration;
			buildSettings = {
				ALWAYS_SEARCH_USER_PATHS = NO;
				CLANG_ANALYZER_NONNULL = YES;
				CLANG_ANALYZER_NUMBER_OBJECT_CONVERSION = YES_AGGRESSIVE;
				CLANG_CXX_LANGUAGE_STANDARD = "gnu++14";
				CLANG_CXX_LIBRARY = "libc++";
				CLANG_ENABLE_MODULES = YES;
				CLANG_ENABLE_OBJC_ARC = YES;
				CLANG_ENABLE_OBJC_WEAK = YES;
				CLANG_WARN_BLOCK_CAPTURE_AUTORELEASING = YES;
				CLANG_WARN_BOOL_CONVERSION = YES;
				CLANG_WARN_COMMA = YES;
				CLANG_WARN_CONSTANT_CONVERSION = YES;
				CLANG_WARN_DEPRECATED_OBJC_IMPLEMENTATIONS = YES;
				CLANG_WARN_DIRECT_OBJC_ISA_USAGE = YES_ERROR;
				CLANG_WARN_DOCUMENTATION_COMMENTS = YES;
				CLANG_WARN_EMPTY_BODY = YES;
				CLANG_WARN_ENUM_CONVERSION = YES;
				CLANG_WARN_INFINITE_RECURSION = YES;
				CLANG_WARN_INT_CONVERSION = YES;
				CLANG_WARN_NON_LITERAL_NULL_CONVERSION = YES;
				CLANG_WARN_OBJC_IMPLICIT_RETAIN_SELF = YES;
				CLANG_WARN_OBJC_LITERAL_CONVERSION = YES;
				CLANG_WARN_OBJC_ROOT_CLASS = YES_ERROR;
				CLANG_WARN_RANGE_LOOP_ANALYSIS = YES;
				CLANG_WARN_STRICT_PROTOTYPES = YES;
				CLANG_WARN_SUSPICIOUS_MOVE = YES;
				CLANG_WARN_UNGUARDED_AVAILABILITY = YES_AGGRESSIVE;
				CLANG_WARN_UNREACHABLE_CODE = YES;
				CLANG_WARN__DUPLICATE_METHOD_MATCH = YES;
				COPY_PHASE_STRIP = NO;
				DEBUG_INFORMATION_FORMAT = "dwarf-with-dsym";
				ENABLE_NS_ASSERTIONS = NO;
				ENABLE_STRICT_OBJC_MSGSEND = YES;
				GCC_C_LANGUAGE_STANDARD = gnu11;
				GCC_NO_COMMON_BLOCKS = YES;
				GCC_WARN_64_TO_32_BIT_CONVERSION = YES;
				GCC_WARN_ABOUT_RETURN_TYPE = YES_ERROR;
				GCC_WARN_UNDECLARED_SELECTOR = YES;
				GCC_WARN_UNINITIALIZED_AUTOS = YES_AGGRESSIVE;
				GCC_WARN_UNUSED_FUNCTION = YES;
				GCC_WARN_UNUSED_VARIABLE = YES;
				IPHONEOS_DEPLOYMENT_TARGET = 13.6;
				MTL_ENABLE_DEBUG_INFO = NO;
				MTL_FAST_MATH = YES;
				SDKROOT = iphoneos;
				SWIFT_COMPILATION_MODE = wholemodule;
				SWIFT_OPTIMIZATION_LEVEL = "-O";
				VALIDATE_PRODUCT = YES;
			};
			name = Release;
		};
		A4959F8924E008CE004BB7DA /* Debug */ = {
			isa = XCBuildConfiguration;
			buildSettings = {
				ASSETCATALOG_COMPILER_APPICON_NAME = AppIcon;
				CODE_SIGN_STYLE = Automatic;
				DEVELOPMENT_ASSET_PATHS = "\"swiftui-toggle/Preview Content\"";
				DEVELOPMENT_TEAM = 493S77954X;
				ENABLE_PREVIEWS = YES;
				INFOPLIST_FILE = "$(SRCROOT)/swiftui-toggle/Info.plist";
				IPHONEOS_DEPLOYMENT_TARGET = 14.0;
				LD_RUNPATH_SEARCH_PATHS = (
					"$(inherited)",
					"@executable_path/Frameworks",
				);
				PRODUCT_BUNDLE_IDENTIFIER = "com.arvind.com.swiftui-demo";
				PRODUCT_NAME = "$(TARGET_NAME)";
				SWIFT_VERSION = 5.0;
				TARGETED_DEVICE_FAMILY = "1,2";
			};
			name = Debug;
		};
		A4959F8A24E008CE004BB7DA /* Release */ = {
			isa = XCBuildConfiguration;
			buildSettings = {
				ASSETCATALOG_COMPILER_APPICON_NAME = AppIcon;
				CODE_SIGN_STYLE = Automatic;
				DEVELOPMENT_ASSET_PATHS = "\"swiftui-toggle/Preview Content\"";
				DEVELOPMENT_TEAM = 493S77954X;
				ENABLE_PREVIEWS = YES;
				INFOPLIST_FILE = "$(SRCROOT)/swiftui-toggle/Info.plist";
				IPHONEOS_DEPLOYMENT_TARGET = 14.0;
				LD_RUNPATH_SEARCH_PATHS = (
					"$(inherited)",
					"@executable_path/Frameworks",
				);
				PRODUCT_BUNDLE_IDENTIFIER = "com.arvind.com.swiftui-demo";
				PRODUCT_NAME = "$(TARGET_NAME)";
				SWIFT_VERSION = 5.0;
				TARGETED_DEVICE_FAMILY = "1,2";
			};
			name = Release;
		};
/* End XCBuildConfiguration section */

/* Begin XCConfigurationList section */
		A4959F6F24E008CB004BB7DA /* Build configuration list for PBXProject "swiftui-toggle" */ = {
			isa = XCConfigurationList;
			buildConfigurations = (
				A4959F8624E008CE004BB7DA /* Debug */,
				A4959F8724E008CE004BB7DA /* Release */,
			);
			defaultConfigurationIsVisible = 0;
			defaultConfigurationName = Release;
		};
		A4959F8824E008CE004BB7DA /* Build configuration list for PBXNativeTarget "swiftui-toggle" */ = {
			isa = XCConfigurationList;
			buildConfigurations = (
				A4959F8924E008CE004BB7DA /* Debug */,
				A4959F8A24E008CE004BB7DA /* Release */,
			);
			defaultConfigurationIsVisible = 0;
			defaultConfigurationName = Release;
		};
/* End XCConfigurationList section */
	};
	rootObject = A4959F6C24E008CB004BB7DA /* Project object */;
}
