// !$*UTF8*$!
{
	archiveVersion = 1;
	classes = {
	};
	objectVersion = 50;
	objects = {

/* Begin PBXBuildFile section */
		A4C2A15025CA5F5100B8E4E1 /* AppDelegate.swift in Sources */ = {isa = PBXBuildFile; fileRef = A4C2A14F25CA5F5100B8E4E1 /* AppDelegate.swift */; };
		A4C2A15225CA5F5100B8E4E1 /* SceneDelegate.swift in Sources */ = {isa = PBXBuildFile; fileRef = A4C2A15125CA5F5100B8E4E1 /* SceneDelegate.swift */; };
		A4C2A15425CA5F5100B8E4E1 /* ViewController.swift in Sources */ = {isa = PBXBuildFile; fileRef = A4C2A15325CA5F5100B8E4E1 /* ViewController.swift */; };
		A4C2A15725CA5F5100B8E4E1 /* Main.storyboard in Resources */ = {isa = PBXBuildFile; fileRef = A4C2A15525CA5F5100B8E4E1 /* Main.storyboard */; };
		A4C2A15925CA5F5600B8E4E1 /* Assets.xcassets in Resources */ = {isa = PBXBuildFile; fileRef = A4C2A15825CA5F5600B8E4E1 /* Assets.xcassets */; };
		A4C2A15C25CA5F5600B8E4E1 /* LaunchScreen.storyboard in Resources */ = {isa = PBXBuildFile; fileRef = A4C2A15A25CA5F5600B8E4E1 /* LaunchScreen.storyboard */; };
		A4C2A16825CA76C600B8E4E1 /* SmartWatchView.swift in Sources */ = {isa = PBXBuildFile; fileRef = A4C2A16725CA76C600B8E4E1 /* SmartWatchView.swift */; };
/* End PBXBuildFile section */

/* Begin PBXFileReference section */
		A4C2A14C25CA5F5100B8E4E1 /* Smartwatch.app */ = {isa = PBXFileReference; explicitFileType = wrapper.application; includeInIndex = 0; path = Smartwatch.app; sourceTree = BUILT_PRODUCTS_DIR; };
		A4C2A14F25CA5F5100B8E4E1 /* AppDelegate.swift */ = {isa = PBXFileReference; lastKnownFileType = sourcecode.swift; path = AppDelegate.swift; sourceTree = "<group>"; };
		A4C2A15125CA5F5100B8E4E1 /* SceneDelegate.swift */ = {isa = PBXFileReference; lastKnownFileType = sourcecode.swift; path = SceneDelegate.swift; sourceTree = "<group>"; };
		A4C2A15325CA5F5100B8E4E1 /* ViewController.swift */ = {isa = PBXFileReference; lastKnownFileType = sourcecode.swift; path = ViewController.swift; sourceTree = "<group>"; };
		A4C2A15625CA5F5100B8E4E1 /* Base */ = {isa = PBXFileReference; lastKnownFileType = file.storyboard; name = Base; path = Base.lproj/Main.storyboard; sourceTree = "<group>"; };
		A4C2A15825CA5F5600B8E4E1 /* Assets.xcassets */ = {isa = PBXFileReference; lastKnownFileType = folder.assetcatalog; path = Assets.xcassets; sourceTree = "<group>"; };
		A4C2A15B25CA5F5600B8E4E1 /* Base */ = {isa = PBXFileReference; lastKnownFileType = file.storyboard; name = Base; path = Base.lproj/LaunchScreen.storyboard; sourceTree = "<group>"; };
		A4C2A15D25CA5F5600B8E4E1 /* Info.plist */ = {isa = PBXFileReference; lastKnownFileType = text.plist.xml; path = Info.plist; sourceTree = "<group>"; };
		A4C2A16725CA76C600B8E4E1 /* SmartWatchView.swift */ = {isa = PBXFileReference; lastKnownFileType = sourcecode.swift; path = SmartWatchView.swift; sourceTree = "<group>"; };
/* End PBXFileReference section */

/* Begin PBXFrameworksBuildPhase section */
		A4C2A14925CA5F5100B8E4E1 /* Frameworks */ = {
			isa = PBXFrameworksBuildPhase;
			buildActionMask = 2147483647;
			files = (
			);
			runOnlyForDeploymentPostprocessing = 0;
		};
/* End PBXFrameworksBuildPhase section */

/* Begin PBXGroup section */
		A4C2A14325CA5F5100B8E4E1 = {
			isa = PBXGroup;
			children = (
				A4C2A14E25CA5F5100B8E4E1 /* Smartwatch */,
				A4C2A14D25CA5F5100B8E4E1 /* Products */,
			);
			sourceTree = "<group>";
		};
		A4C2A14D25CA5F5100B8E4E1 /* Products */ = {
			isa = PBXGroup;
			children = (
				A4C2A14C25CA5F5100B8E4E1 /* Smartwatch.app */,
			);
			name = Products;
			sourceTree = "<group>";
		};
		A4C2A14E25CA5F5100B8E4E1 /* Smartwatch */ = {
			isa = PBXGroup;
			children = (
				A4C2A16E25CA897600B8E4E1 /* AppDelegate */,
				A4C2A16F25CA897B00B8E4E1 /* Resource */,
				A4C2A16D25CA897200B8E4E1 /* View */,
				A4C2A15D25CA5F5600B8E4E1 /* Info.plist */,
			);
			path = Smartwatch;
			sourceTree = "<group>";
		};
		A4C2A16D25CA897200B8E4E1 /* View */ = {
			isa = PBXGroup;
			children = (
				A4C2A16725CA76C600B8E4E1 /* SmartWatchView.swift */,
				A4C2A15325CA5F5100B8E4E1 /* ViewController.swift */,
			);
			path = View;
			sourceTree = "<group>";
		};
		A4C2A16E25CA897600B8E4E1 /* AppDelegate */ = {
			isa = PBXGroup;
			children = (
				A4C2A14F25CA5F5100B8E4E1 /* AppDelegate.swift */,
				A4C2A15125CA5F5100B8E4E1 /* SceneDelegate.swift */,
			);
			path = AppDelegate;
			sourceTree = "<group>";
		};
		A4C2A16F25CA897B00B8E4E1 /* Resource */ = {
			isa = PBXGroup;
			children = (
				A4C2A15525CA5F5100B8E4E1 /* Main.storyboard */,
				A4C2A15825CA5F5600B8E4E1 /* Assets.xcassets */,
				A4C2A15A25CA5F5600B8E4E1 /* LaunchScreen.storyboard */,
			);
			path = Resource;
			sourceTree = "<group>";
		};
/* End PBXGroup section */

/* Begin PBXNativeTarget section */
		A4C2A14B25CA5F5100B8E4E1 /* Smartwatch */ = {
			isa = PBXNativeTarget;
			buildConfigurationList = A4C2A16025CA5F5600B8E4E1 /* Build configuration list for PBXNativeTarget "Smartwatch" */;
			buildPhases = (
				A4C2A14825CA5F5100B8E4E1 /* Sources */,
				A4C2A14925CA5F5100B8E4E1 /* Frameworks */,
				A4C2A14A25CA5F5100B8E4E1 /* Resources */,
			);
			buildRules = (
			);
			dependencies = (
			);
			name = Smartwatch;
			productName = Download;
			productReference = A4C2A14C25CA5F5100B8E4E1 /* Smartwatch.app */;
			productType = "com.apple.product-type.application";
		};
/* End PBXNativeTarget section */

/* Begin PBXProject section */
		A4C2A14425CA5F5100B8E4E1 /* Project object */ = {
			isa = PBXProject;
			attributes = {
				LastSwiftUpdateCheck = 1210;
				LastUpgradeCheck = 1210;
				TargetAttributes = {
					A4C2A14B25CA5F5100B8E4E1 = {
						CreatedOnToolsVersion = 12.1;
					};
				};
			};
			buildConfigurationList = A4C2A14725CA5F5100B8E4E1 /* Build configuration list for PBXProject "Smartwatch" */;
			compatibilityVersion = "Xcode 9.3";
			developmentRegion = en;
			hasScannedForEncodings = 0;
			knownRegions = (
				en,
				Base,
			);
			mainGroup = A4C2A14325CA5F5100B8E4E1;
			productRefGroup = A4C2A14D25CA5F5100B8E4E1 /* Products */;
			projectDirPath = "";
			projectRoot = "";
			targets = (
				A4C2A14B25CA5F5100B8E4E1 /* Smartwatch */,
			);
		};
/* End PBXProject section */

/* Begin PBXResourcesBuildPhase section */
		A4C2A14A25CA5F5100B8E4E1 /* Resources */ = {
			isa = PBXResourcesBuildPhase;
			buildActionMask = 2147483647;
			files = (
				A4C2A15C25CA5F5600B8E4E1 /* LaunchScreen.storyboard in Resources */,
				A4C2A15925CA5F5600B8E4E1 /* Assets.xcassets in Resources */,
				A4C2A15725CA5F5100B8E4E1 /* Main.storyboard in Resources */,
			);
			runOnlyForDeploymentPostprocessing = 0;
		};
/* End PBXResourcesBuildPhase section */

/* Begin PBXSourcesBuildPhase section */
		A4C2A14825CA5F5100B8E4E1 /* Sources */ = {
			isa = PBXSourcesBuildPhase;
			buildActionMask = 2147483647;
			files = (
				A4C2A15425CA5F5100B8E4E1 /* ViewController.swift in Sources */,
				A4C2A16825CA76C600B8E4E1 /* SmartWatchView.swift in Sources */,
				A4C2A15025CA5F5100B8E4E1 /* AppDelegate.swift in Sources */,
				A4C2A15225CA5F5100B8E4E1 /* SceneDelegate.swift in Sources */,
			);
			runOnlyForDeploymentPostprocessing = 0;
		};
/* End PBXSourcesBuildPhase section */

/* Begin PBXVariantGroup section */
		A4C2A15525CA5F5100B8E4E1 /* Main.storyboard */ = {
			isa = PBXVariantGroup;
			children = (
				A4C2A15625CA5F5100B8E4E1 /* Base */,
			);
			name = Main.storyboard;
			sourceTree = "<group>";
		};
		A4C2A15A25CA5F5600B8E4E1 /* LaunchScreen.storyboard */ = {
			isa = PBXVariantGroup;
			children = (
				A4C2A15B25CA5F5600B8E4E1 /* Base */,
			);
			name = LaunchScreen.storyboard;
			sourceTree = "<group>";
		};
/* End PBXVariantGroup section */

/* Begin XCBuildConfiguration section */
		A4C2A15E25CA5F5600B8E4E1 /* Debug */ = {
			isa = XCBuildConfiguration;
			buildSettings = {
				ALWAYS_SEARCH_USER_PATHS = NO;
				CLANG_ANALYZER_NONNULL = YES;
				CLANG_ANALYZER_NUMBER_OBJECT_CONVERSION = YES_AGGRESSIVE;
				CLANG_CXX_LANGUAGE_STANDARD = "gnu++14";
				CLANG_CXX_LIBRARY = "libc++";
				CLANG_ENABLE_MODULES = YES;
				CLANG_ENABLE_OBJC_ARC = YES;
				CLANG_ENABLE_OBJC_WEAK = YES;
				CLANG_WARN_BLOCK_CAPTURE_AUTORELEASING = YES;
				CLANG_WARN_BOOL_CONVERSION = YES;
				CLANG_WARN_COMMA = YES;
				CLANG_WARN_CONSTANT_CONVERSION = YES;
				CLANG_WARN_DEPRECATED_OBJC_IMPLEMENTATIONS = YES;
				CLANG_WARN_DIRECT_OBJC_ISA_USAGE = YES_ERROR;
				CLANG_WARN_DOCUMENTATION_COMMENTS = YES;
				CLANG_WARN_EMPTY_BODY = YES;
				CLANG_WARN_ENUM_CONVERSION = YES;
				CLANG_WARN_INFINITE_RECURSION = YES;
				CLANG_WARN_INT_CONVERSION = YES;
				CLANG_WARN_NON_LITERAL_NULL_CONVERSION = YES;
				CLANG_WARN_OBJC_IMPLICIT_RETAIN_SELF = YES;
				CLANG_WARN_OBJC_LITERAL_CONVERSION = YES;
				CLANG_WARN_OBJC_ROOT_CLASS = YES_ERROR;
				CLANG_WARN_QUOTED_INCLUDE_IN_FRAMEWORK_HEADER = YES;
				CLANG_WARN_RANGE_LOOP_ANALYSIS = YES;
				CLANG_WARN_STRICT_PROTOTYPES = YES;
				CLANG_WARN_SUSPICIOUS_MOVE = YES;
				CLANG_WARN_UNGUARDED_AVAILABILITY = YES_AGGRESSIVE;
				CLANG_WARN_UNREACHABLE_CODE = YES;
				CLANG_WARN__DUPLICATE_METHOD_MATCH = YES;
				COPY_PHASE_STRIP = NO;
				DEBUG_INFORMATION_FORMAT = dwarf;
				ENABLE_STRICT_OBJC_MSGSEND = YES;
				ENABLE_TESTABILITY = YES;
				GCC_C_LANGUAGE_STANDARD = gnu11;
				GCC_DYNAMIC_NO_PIC = NO;
				GCC_NO_COMMON_BLOCKS = YES;
				GCC_OPTIMIZATION_LEVEL = 0;
				GCC_PREPROCESSOR_DEFINITIONS = (
					"DEBUG=1",
					"$(inherited)",
				);
				GCC_WARN_64_TO_32_BIT_CONVERSION = YES;
				GCC_WARN_ABOUT_RETURN_TYPE = YES_ERROR;
				GCC_WARN_UNDECLARED_SELECTOR = YES;
				GCC_WARN_UNINITIALIZED_AUTOS = YES_AGGRESSIVE;
				GCC_WARN_UNUSED_FUNCTION = YES;
				GCC_WARN_UNUSED_VARIABLE = YES;
				IPHONEOS_DEPLOYMENT_TARGET = 14.1;
				MTL_ENABLE_DEBUG_INFO = INCLUDE_SOURCE;
				MTL_FAST_MATH = YES;
				ONLY_ACTIVE_ARCH = YES;
				SDKROOT = iphoneos;
				SWIFT_ACTIVE_COMPILATION_CONDITIONS = DEBUG;
				SWIFT_OPTIMIZATION_LEVEL = "-Onone";
			};
			name = Debug;
		};
		A4C2A15F25CA5F5600B8E4E1 /* Release */ = {
			isa = XCBuildConfiguration;
			buildSettings = {
				ALWAYS_SEARCH_USER_PATHS = NO;
				CLANG_ANALYZER_NONNULL = YES;
				CLANG_ANALYZER_NUMBER_OBJECT_CONVERSION = YES_AGGRESSIVE;
				CLANG_CXX_LANGUAGE_STANDARD = "gnu++14";
				CLANG_CXX_LIBRARY = "libc++";
				CLANG_ENABLE_MODULES = YES;
				CLANG_ENABLE_OBJC_ARC = YES;
				CLANG_ENABLE_OBJC_WEAK = YES;
				CLANG_WARN_BLOCK_CAPTURE_AUTORELEASING = YES;
				CLANG_WARN_BOOL_CONVERSION = YES;
				CLANG_WARN_COMMA = YES;
				CLANG_WARN_CONSTANT_CONVERSION = YES;
				CLANG_WARN_DEPRECATED_OBJC_IMPLEMENTATIONS = YES;
				CLANG_WARN_DIRECT_OBJC_ISA_USAGE = YES_ERROR;
				CLANG_WARN_DOCUMENTATION_COMMENTS = YES;
				CLANG_WARN_EMPTY_BODY = YES;
				CLANG_WARN_ENUM_CONVERSION = YES;
				CLANG_WARN_INFINITE_RECURSION = YES;
				CLANG_WARN_INT_CONVERSION = YES;
				CLANG_WARN_NON_LITERAL_NULL_CONVERSION = YES;
				CLANG_WARN_OBJC_IMPLICIT_RETAIN_SELF = YES;
				CLANG_WARN_OBJC_LITERAL_CONVERSION = YES;
				CLANG_WARN_OBJC_ROOT_CLASS = YES_ERROR;
				CLANG_WARN_QUOTED_INCLUDE_IN_FRAMEWORK_HEADER = YES;
				CLANG_WARN_RANGE_LOOP_ANALYSIS = YES;
				CLANG_WARN_STRICT_PROTOTYPES = YES;
				CLANG_WARN_SUSPICIOUS_MOVE = YES;
				CLANG_WARN_UNGUARDED_AVAILABILITY = YES_AGGRESSIVE;
				CLANG_WARN_UNREACHABLE_CODE = YES;
				CLANG_WARN__DUPLICATE_METHOD_MATCH = YES;
				COPY_PHASE_STRIP = NO;
				DEBUG_INFORMATION_FORMAT = "dwarf-with-dsym";
				ENABLE_NS_ASSERTIONS = NO;
				ENABLE_STRICT_OBJC_MSGSEND = YES;
				GCC_C_LANGUAGE_STANDARD = gnu11;
				GCC_NO_COMMON_BLOCKS = YES;
				GCC_WARN_64_TO_32_BIT_CONVERSION = YES;
				GCC_WARN_ABOUT_RETURN_TYPE = YES_ERROR;
				GCC_WARN_UNDECLARED_SELECTOR = YES;
				GCC_WARN_UNINITIALIZED_AUTOS = YES_AGGRESSIVE;
				GCC_WARN_UNUSED_FUNCTION = YES;
				GCC_WARN_UNUSED_VARIABLE = YES;
				IPHONEOS_DEPLOYMENT_TARGET = 14.1;
				MTL_ENABLE_DEBUG_INFO = NO;
				MTL_FAST_MATH = YES;
				SDKROOT = iphoneos;
				SWIFT_COMPILATION_MODE = wholemodule;
				SWIFT_OPTIMIZATION_LEVEL = "-O";
				VALIDATE_PRODUCT = YES;
			};
			name = Release;
		};
		A4C2A16125CA5F5600B8E4E1 /* Debug */ = {
			isa = XCBuildConfiguration;
			buildSettings = {
				ASSETCATALOG_COMPILER_APPICON_NAME = AppIcon;
				ASSETCATALOG_COMPILER_GLOBAL_ACCENT_COLOR_NAME = AccentColor;
				CODE_SIGN_STYLE = Automatic;
				DEVELOPMENT_TEAM = 493S77954X;
				INFOPLIST_FILE = "$(SRCROOT)/Smartwatch/Info.plist";
				LD_RUNPATH_SEARCH_PATHS = (
					"$(inherited)",
					"@executable_path/Frameworks",
				);
				PRODUCT_BUNDLE_IDENTIFIER = com.arvind.Download;
				PRODUCT_NAME = "$(TARGET_NAME)";
				SWIFT_VERSION = 5.0;
				TARGETED_DEVICE_FAMILY = "1,2";
			};
			name = Debug;
		};
		A4C2A16225CA5F5600B8E4E1 /* Release */ = {
			isa = XCBuildConfiguration;
			buildSettings = {
				ASSETCATALOG_COMPILER_APPICON_NAME = AppIcon;
				ASSETCATALOG_COMPILER_GLOBAL_ACCENT_COLOR_NAME = AccentColor;
				CODE_SIGN_STYLE = Automatic;
				DEVELOPMENT_TEAM = 493S77954X;
				INFOPLIST_FILE = "$(SRCROOT)/Smartwatch/Info.plist";
				LD_RUNPATH_SEARCH_PATHS = (
					"$(inherited)",
					"@executable_path/Frameworks",
				);
				PRODUCT_BUNDLE_IDENTIFIER = com.arvind.Download;
				PRODUCT_NAME = "$(TARGET_NAME)";
				SWIFT_VERSION = 5.0;
				TARGETED_DEVICE_FAMILY = "1,2";
			};
			name = Release;
		};
/* End XCBuildConfiguration section */

/* Begin XCConfigurationList section */
		A4C2A14725CA5F5100B8E4E1 /* Build configuration list for PBXProject "Smartwatch" */ = {
			isa = XCConfigurationList;
			buildConfigurations = (
				A4C2A15E25CA5F5600B8E4E1 /* Debug */,
				A4C2A15F25CA5F5600B8E4E1 /* Release */,
			);
			defaultConfigurationIsVisible = 0;
			defaultConfigurationName = Release;
		};
		A4C2A16025CA5F5600B8E4E1 /* Build configuration list for PBXNativeTarget "Smartwatch" */ = {
			isa = XCConfigurationList;
			buildConfigurations = (
				A4C2A16125CA5F5600B8E4E1 /* Debug */,
				A4C2A16225CA5F5600B8E4E1 /* Release */,
			);
			defaultConfigurationIsVisible = 0;
			defaultConfigurationName = Release;
		};
/* End XCConfigurationList section */
	};
	rootObject = A4C2A14425CA5F5100B8E4E1 /* Project object */;
}
