// !$*UTF8*$!
{
	archiveVersion = 1;
	classes = {
	};
	objectVersion = 50;
	objects = {

/* Begin PBXBuildFile section */
		A43EFE8D25C7C6FC00C47FA0 /* AppDelegate.swift in Sources */ = {isa = PBXBuildFile; fileRef = A43EFE8C25C7C6FC00C47FA0 /* AppDelegate.swift */; };
		A43EFE8F25C7C6FC00C47FA0 /* SceneDelegate.swift in Sources */ = {isa = PBXBuildFile; fileRef = A43EFE8E25C7C6FC00C47FA0 /* SceneDelegate.swift */; };
		A43EFE9125C7C6FC00C47FA0 /* ContentView.swift in Sources */ = {isa = PBXBuildFile; fileRef = A43EFE9025C7C6FC00C47FA0 /* ContentView.swift */; };
		A43EFE9325C7C70600C47FA0 /* Assets.xcassets in Resources */ = {isa = PBXBuildFile; fileRef = A43EFE9225C7C70600C47FA0 /* Assets.xcassets */; };
		A43EFE9625C7C70600C47FA0 /* Preview Assets.xcassets in Resources */ = {isa = PBXBuildFile; fileRef = A43EFE9525C7C70600C47FA0 /* Preview Assets.xcassets */; };
		A43EFE9925C7C70600C47FA0 /* LaunchScreen.storyboard in Resources */ = {isa = PBXBuildFile; fileRef = A43EFE9725C7C70600C47FA0 /* LaunchScreen.storyboard */; };
		A43EFEA525C7C82800C47FA0 /* SplashShape.swift in Sources */ = {isa = PBXBuildFile; fileRef = A43EFEA325C7C82800C47FA0 /* SplashShape.swift */; };
		A43EFEA625C7C82800C47FA0 /* SplashView.swift in Sources */ = {isa = PBXBuildFile; fileRef = A43EFEA425C7C82800C47FA0 /* SplashView.swift */; };
		A43EFEA925C7D24400C47FA0 /* GlobalHelpers.swift in Sources */ = {isa = PBXBuildFile; fileRef = A43EFEA825C7D24400C47FA0 /* GlobalHelpers.swift */; };
/* End PBXBuildFile section */

/* Begin PBXFileReference section */
		A43EFE8925C7C6FC00C47FA0 /* ColorChanges.app */ = {isa = PBXFileReference; explicitFileType = wrapper.application; includeInIndex = 0; path = ColorChanges.app; sourceTree = BUILT_PRODUCTS_DIR; };
		A43EFE8C25C7C6FC00C47FA0 /* AppDelegate.swift */ = {isa = PBXFileReference; lastKnownFileType = sourcecode.swift; path = AppDelegate.swift; sourceTree = "<group>"; };
		A43EFE8E25C7C6FC00C47FA0 /* SceneDelegate.swift */ = {isa = PBXFileReference; lastKnownFileType = sourcecode.swift; path = SceneDelegate.swift; sourceTree = "<group>"; };
		A43EFE9025C7C6FC00C47FA0 /* ContentView.swift */ = {isa = PBXFileReference; lastKnownFileType = sourcecode.swift; path = ContentView.swift; sourceTree = "<group>"; };
		A43EFE9225C7C70600C47FA0 /* Assets.xcassets */ = {isa = PBXFileReference; lastKnownFileType = folder.assetcatalog; path = Assets.xcassets; sourceTree = "<group>"; };
		A43EFE9525C7C70600C47FA0 /* Preview Assets.xcassets */ = {isa = PBXFileReference; lastKnownFileType = folder.assetcatalog; path = "Preview Assets.xcassets"; sourceTree = "<group>"; };
		A43EFE9825C7C70600C47FA0 /* Base */ = {isa = PBXFileReference; lastKnownFileType = file.storyboard; name = Base; path = Base.lproj/LaunchScreen.storyboard; sourceTree = "<group>"; };
		A43EFE9A25C7C70600C47FA0 /* Info.plist */ = {isa = PBXFileReference; lastKnownFileType = text.plist.xml; path = Info.plist; sourceTree = "<group>"; };
		A43EFEA325C7C82800C47FA0 /* SplashShape.swift */ = {isa = PBXFileReference; fileEncoding = 4; lastKnownFileType = sourcecode.swift; path = SplashShape.swift; sourceTree = "<group>"; };
		A43EFEA425C7C82800C47FA0 /* SplashView.swift */ = {isa = PBXFileReference; fileEncoding = 4; lastKnownFileType = sourcecode.swift; path = SplashView.swift; sourceTree = "<group>"; };
		A43EFEA825C7D24400C47FA0 /* GlobalHelpers.swift */ = {isa = PBXFileReference; fileEncoding = 4; lastKnownFileType = sourcecode.swift; path = GlobalHelpers.swift; sourceTree = "<group>"; };
/* End PBXFileReference section */

/* Begin PBXFrameworksBuildPhase section */
		A43EFE8625C7C6FC00C47FA0 /* Frameworks */ = {
			isa = PBXFrameworksBuildPhase;
			buildActionMask = 2147483647;
			files = (
			);
			runOnlyForDeploymentPostprocessing = 0;
		};
/* End PBXFrameworksBuildPhase section */

/* Begin PBXGroup section */
		A43EFE8025C7C6FC00C47FA0 = {
			isa = PBXGroup;
			children = (
				A43EFE8B25C7C6FC00C47FA0 /* ColorChanges */,
				A43EFE8A25C7C6FC00C47FA0 /* Products */,
			);
			sourceTree = "<group>";
		};
		A43EFE8A25C7C6FC00C47FA0 /* Products */ = {
			isa = PBXGroup;
			children = (
				A43EFE8925C7C6FC00C47FA0 /* ColorChanges.app */,
			);
			name = Products;
			sourceTree = "<group>";
		};
		A43EFE8B25C7C6FC00C47FA0 /* ColorChanges */ = {
			isa = PBXGroup;
			children = (
				A43EFE8C25C7C6FC00C47FA0 /* AppDelegate.swift */,
				A43EFE8E25C7C6FC00C47FA0 /* SceneDelegate.swift */,
				A43EFE9025C7C6FC00C47FA0 /* ContentView.swift */,
				A43EFEA825C7D24400C47FA0 /* GlobalHelpers.swift */,
				A43EFEA325C7C82800C47FA0 /* SplashShape.swift */,
				A43EFEA425C7C82800C47FA0 /* SplashView.swift */,
				A43EFE9225C7C70600C47FA0 /* Assets.xcassets */,
				A43EFE9725C7C70600C47FA0 /* LaunchScreen.storyboard */,
				A43EFE9A25C7C70600C47FA0 /* Info.plist */,
				A43EFE9425C7C70600C47FA0 /* Preview Content */,
			);
			path = ColorChanges;
			sourceTree = "<group>";
		};
		A43EFE9425C7C70600C47FA0 /* Preview Content */ = {
			isa = PBXGroup;
			children = (
				A43EFE9525C7C70600C47FA0 /* Preview Assets.xcassets */,
			);
			path = "Preview Content";
			sourceTree = "<group>";
		};
/* End PBXGroup section */

/* Begin PBXNativeTarget section */
		A43EFE8825C7C6FC00C47FA0 /* ColorChanges */ = {
			isa = PBXNativeTarget;
			buildConfigurationList = A43EFE9D25C7C70600C47FA0 /* Build configuration list for PBXNativeTarget "ColorChanges" */;
			buildPhases = (
				A43EFE8525C7C6FC00C47FA0 /* Sources */,
				A43EFE8625C7C6FC00C47FA0 /* Frameworks */,
				A43EFE8725C7C6FC00C47FA0 /* Resources */,
			);
			buildRules = (
			);
			dependencies = (
			);
			name = ColorChanges;
			productName = ColorChanges;
			productReference = A43EFE8925C7C6FC00C47FA0 /* ColorChanges.app */;
			productType = "com.apple.product-type.application";
		};
/* End PBXNativeTarget section */

/* Begin PBXProject section */
		A43EFE8125C7C6FC00C47FA0 /* Project object */ = {
			isa = PBXProject;
			attributes = {
				LastSwiftUpdateCheck = 1210;
				LastUpgradeCheck = 1210;
				TargetAttributes = {
					A43EFE8825C7C6FC00C47FA0 = {
						CreatedOnToolsVersion = 12.1;
					};
				};
			};
			buildConfigurationList = A43EFE8425C7C6FC00C47FA0 /* Build configuration list for PBXProject "ColorChanges" */;
			compatibilityVersion = "Xcode 9.3";
			developmentRegion = en;
			hasScannedForEncodings = 0;
			knownRegions = (
				en,
				Base,
			);
			mainGroup = A43EFE8025C7C6FC00C47FA0;
			productRefGroup = A43EFE8A25C7C6FC00C47FA0 /* Products */;
			projectDirPath = "";
			projectRoot = "";
			targets = (
				A43EFE8825C7C6FC00C47FA0 /* ColorChanges */,
			);
		};
/* End PBXProject section */

/* Begin PBXResourcesBuildPhase section */
		A43EFE8725C7C6FC00C47FA0 /* Resources */ = {
			isa = PBXResourcesBuildPhase;
			buildActionMask = 2147483647;
			files = (
				A43EFE9925C7C70600C47FA0 /* LaunchScreen.storyboard in Resources */,
				A43EFE9625C7C70600C47FA0 /* Preview Assets.xcassets in Resources */,
				A43EFE9325C7C70600C47FA0 /* Assets.xcassets in Resources */,
			);
			runOnlyForDeploymentPostprocessing = 0;
		};
/* End PBXResourcesBuildPhase section */

/* Begin PBXSourcesBuildPhase section */
		A43EFE8525C7C6FC00C47FA0 /* Sources */ = {
			isa = PBXSourcesBuildPhase;
			buildActionMask = 2147483647;
			files = (
				A43EFEA925C7D24400C47FA0 /* GlobalHelpers.swift in Sources */,
				A43EFEA525C7C82800C47FA0 /* SplashShape.swift in Sources */,
				A43EFE8D25C7C6FC00C47FA0 /* AppDelegate.swift in Sources */,
				A43EFEA625C7C82800C47FA0 /* SplashView.swift in Sources */,
				A43EFE8F25C7C6FC00C47FA0 /* SceneDelegate.swift in Sources */,
				A43EFE9125C7C6FC00C47FA0 /* ContentView.swift in Sources */,
			);
			runOnlyForDeploymentPostprocessing = 0;
		};
/* End PBXSourcesBuildPhase section */

/* Begin PBXVariantGroup section */
		A43EFE9725C7C70600C47FA0 /* LaunchScreen.storyboard */ = {
			isa = PBXVariantGroup;
			children = (
				A43EFE9825C7C70600C47FA0 /* Base */,
			);
			name = LaunchScreen.storyboard;
			sourceTree = "<group>";
		};
/* End PBXVariantGroup section */

/* Begin XCBuildConfiguration section */
		A43EFE9B25C7C70600C47FA0 /* Debug */ = {
			isa = XCBuildConfiguration;
			buildSettings = {
				ALWAYS_SEARCH_USER_PATHS = NO;
				CLANG_ANALYZER_NONNULL = YES;
				CLANG_ANALYZER_NUMBER_OBJECT_CONVERSION = YES_AGGRESSIVE;
				CLANG_CXX_LANGUAGE_STANDARD = "gnu++14";
				CLANG_CXX_LIBRARY = "libc++";
				CLANG_ENABLE_MODULES = YES;
				CLANG_ENABLE_OBJC_ARC = YES;
				CLANG_ENABLE_OBJC_WEAK = YES;
				CLANG_WARN_BLOCK_CAPTURE_AUTORELEASING = YES;
				CLANG_WARN_BOOL_CONVERSION = YES;
				CLANG_WARN_COMMA = YES;
				CLANG_WARN_CONSTANT_CONVERSION = YES;
				CLANG_WARN_DEPRECATED_OBJC_IMPLEMENTATIONS = YES;
				CLANG_WARN_DIRECT_OBJC_ISA_USAGE = YES_ERROR;
				CLANG_WARN_DOCUMENTATION_COMMENTS = YES;
				CLANG_WARN_EMPTY_BODY = YES;
				CLANG_WARN_ENUM_CONVERSION = YES;
				CLANG_WARN_INFINITE_RECURSION = YES;
				CLANG_WARN_INT_CONVERSION = YES;
				CLANG_WARN_NON_LITERAL_NULL_CONVERSION = YES;
				CLANG_WARN_OBJC_IMPLICIT_RETAIN_SELF = YES;
				CLANG_WARN_OBJC_LITERAL_CONVERSION = YES;
				CLANG_WARN_OBJC_ROOT_CLASS = YES_ERROR;
				CLANG_WARN_QUOTED_INCLUDE_IN_FRAMEWORK_HEADER = YES;
				CLANG_WARN_RANGE_LOOP_ANALYSIS = YES;
				CLANG_WARN_STRICT_PROTOTYPES = YES;
				CLANG_WARN_SUSPICIOUS_MOVE = YES;
				CLANG_WARN_UNGUARDED_AVAILABILITY = YES_AGGRESSIVE;
				CLANG_WARN_UNREACHABLE_CODE = YES;
				CLANG_WARN__DUPLICATE_METHOD_MATCH = YES;
				COPY_PHASE_STRIP = NO;
				DEBUG_INFORMATION_FORMAT = dwarf;
				ENABLE_STRICT_OBJC_MSGSEND = YES;
				ENABLE_TESTABILITY = YES;
				GCC_C_LANGUAGE_STANDARD = gnu11;
				GCC_DYNAMIC_NO_PIC = NO;
				GCC_NO_COMMON_BLOCKS = YES;
				GCC_OPTIMIZATION_LEVEL = 0;
				GCC_PREPROCESSOR_DEFINITIONS = (
					"DEBUG=1",
					"$(inherited)",
				);
				GCC_WARN_64_TO_32_BIT_CONVERSION = YES;
				GCC_WARN_ABOUT_RETURN_TYPE = YES_ERROR;
				GCC_WARN_UNDECLARED_SELECTOR = YES;
				GCC_WARN_UNINITIALIZED_AUTOS = YES_AGGRESSIVE;
				GCC_WARN_UNUSED_FUNCTION = YES;
				GCC_WARN_UNUSED_VARIABLE = YES;
				IPHONEOS_DEPLOYMENT_TARGET = 14.1;
				MTL_ENABLE_DEBUG_INFO = INCLUDE_SOURCE;
				MTL_FAST_MATH = YES;
				ONLY_ACTIVE_ARCH = YES;
				SDKROOT = iphoneos;
				SWIFT_ACTIVE_COMPILATION_CONDITIONS = DEBUG;
				SWIFT_OPTIMIZATION_LEVEL = "-Onone";
			};
			name = Debug;
		};
		A43EFE9C25C7C70600C47FA0 /* Release */ = {
			isa = XCBuildConfiguration;
			buildSettings = {
				ALWAYS_SEARCH_USER_PATHS = NO;
				CLANG_ANALYZER_NONNULL = YES;
				CLANG_ANALYZER_NUMBER_OBJECT_CONVERSION = YES_AGGRESSIVE;
				CLANG_CXX_LANGUAGE_STANDARD = "gnu++14";
				CLANG_CXX_LIBRARY = "libc++";
				CLANG_ENABLE_MODULES = YES;
				CLANG_ENABLE_OBJC_ARC = YES;
				CLANG_ENABLE_OBJC_WEAK = YES;
				CLANG_WARN_BLOCK_CAPTURE_AUTORELEASING = YES;
				CLANG_WARN_BOOL_CONVERSION = YES;
				CLANG_WARN_COMMA = YES;
				CLANG_WARN_CONSTANT_CONVERSION = YES;
				CLANG_WARN_DEPRECATED_OBJC_IMPLEMENTATIONS = YES;
				CLANG_WARN_DIRECT_OBJC_ISA_USAGE = YES_ERROR;
				CLANG_WARN_DOCUMENTATION_COMMENTS = YES;
				CLANG_WARN_EMPTY_BODY = YES;
				CLANG_WARN_ENUM_CONVERSION = YES;
				CLANG_WARN_INFINITE_RECURSION = YES;
				CLANG_WARN_INT_CONVERSION = YES;
				CLANG_WARN_NON_LITERAL_NULL_CONVERSION = YES;
				CLANG_WARN_OBJC_IMPLICIT_RETAIN_SELF = YES;
				CLANG_WARN_OBJC_LITERAL_CONVERSION = YES;
				CLANG_WARN_OBJC_ROOT_CLASS = YES_ERROR;
				CLANG_WARN_QUOTED_INCLUDE_IN_FRAMEWORK_HEADER = YES;
				CLANG_WARN_RANGE_LOOP_ANALYSIS = YES;
				CLANG_WARN_STRICT_PROTOTYPES = YES;
				CLANG_WARN_SUSPICIOUS_MOVE = YES;
				CLANG_WARN_UNGUARDED_AVAILABILITY = YES_AGGRESSIVE;
				CLANG_WARN_UNREACHABLE_CODE = YES;
				CLANG_WARN__DUPLICATE_METHOD_MATCH = YES;
				COPY_PHASE_STRIP = NO;
				DEBUG_INFORMATION_FORMAT = "dwarf-with-dsym";
				ENABLE_NS_ASSERTIONS = NO;
				ENABLE_STRICT_OBJC_MSGSEND = YES;
				GCC_C_LANGUAGE_STANDARD = gnu11;
				GCC_NO_COMMON_BLOCKS = YES;
				GCC_WARN_64_TO_32_BIT_CONVERSION = YES;
				GCC_WARN_ABOUT_RETURN_TYPE = YES_ERROR;
				GCC_WARN_UNDECLARED_SELECTOR = YES;
				GCC_WARN_UNINITIALIZED_AUTOS = YES_AGGRESSIVE;
				GCC_WARN_UNUSED_FUNCTION = YES;
				GCC_WARN_UNUSED_VARIABLE = YES;
				IPHONEOS_DEPLOYMENT_TARGET = 14.1;
				MTL_ENABLE_DEBUG_INFO = NO;
				MTL_FAST_MATH = YES;
				SDKROOT = iphoneos;
				SWIFT_COMPILATION_MODE = wholemodule;
				SWIFT_OPTIMIZATION_LEVEL = "-O";
				VALIDATE_PRODUCT = YES;
			};
			name = Release;
		};
		A43EFE9E25C7C70600C47FA0 /* Debug */ = {
			isa = XCBuildConfiguration;
			buildSettings = {
				ASSETCATALOG_COMPILER_APPICON_NAME = AppIcon;
				ASSETCATALOG_COMPILER_GLOBAL_ACCENT_COLOR_NAME = AccentColor;
				CODE_SIGN_STYLE = Automatic;
				DEVELOPMENT_ASSET_PATHS = "\"ColorChanges/Preview Content\"";
				DEVELOPMENT_TEAM = 493S77954X;
				ENABLE_PREVIEWS = YES;
				INFOPLIST_FILE = ColorChanges/Info.plist;
				LD_RUNPATH_SEARCH_PATHS = (
					"$(inherited)",
					"@executable_path/Frameworks",
				);
				PRODUCT_BUNDLE_IDENTIFIER = com.arvind.ColorChanges;
				PRODUCT_NAME = "$(TARGET_NAME)";
				SWIFT_VERSION = 5.0;
				TARGETED_DEVICE_FAMILY = "1,2";
			};
			name = Debug;
		};
		A43EFE9F25C7C70600C47FA0 /* Release */ = {
			isa = XCBuildConfiguration;
			buildSettings = {
				ASSETCATALOG_COMPILER_APPICON_NAME = AppIcon;
				ASSETCATALOG_COMPILER_GLOBAL_ACCENT_COLOR_NAME = AccentColor;
				CODE_SIGN_STYLE = Automatic;
				DEVELOPMENT_ASSET_PATHS = "\"ColorChanges/Preview Content\"";
				DEVELOPMENT_TEAM = 493S77954X;
				ENABLE_PREVIEWS = YES;
				INFOPLIST_FILE = ColorChanges/Info.plist;
				LD_RUNPATH_SEARCH_PATHS = (
					"$(inherited)",
					"@executable_path/Frameworks",
				);
				PRODUCT_BUNDLE_IDENTIFIER = com.arvind.ColorChanges;
				PRODUCT_NAME = "$(TARGET_NAME)";
				SWIFT_VERSION = 5.0;
				TARGETED_DEVICE_FAMILY = "1,2";
			};
			name = Release;
		};
/* End XCBuildConfiguration section */

/* Begin XCConfigurationList section */
		A43EFE8425C7C6FC00C47FA0 /* Build configuration list for PBXProject "ColorChanges" */ = {
			isa = XCConfigurationList;
			buildConfigurations = (
				A43EFE9B25C7C70600C47FA0 /* Debug */,
				A43EFE9C25C7C70600C47FA0 /* Release */,
			);
			defaultConfigurationIsVisible = 0;
			defaultConfigurationName = Release;
		};
		A43EFE9D25C7C70600C47FA0 /* Build configuration list for PBXNativeTarget "ColorChanges" */ = {
			isa = XCConfigurationList;
			buildConfigurations = (
				A43EFE9E25C7C70600C47FA0 /* Debug */,
				A43EFE9F25C7C70600C47FA0 /* Release */,
			);
			defaultConfigurationIsVisible = 0;
			defaultConfigurationName = Release;
		};
/* End XCConfigurationList section */
	};
	rootObject = A43EFE8125C7C6FC00C47FA0 /* Project object */;
}
