// !$*UTF8*$!
{
	archiveVersion = 1;
	classes = {
	};
	objectVersion = 50;
	objects = {

/* Begin PBXBuildFile section */
		A4F8435B250375FB00A6BE42 /* AppDelegate.swift in Sources */ = {isa = PBXBuildFile; fileRef = A4F8435A250375FB00A6BE42 /* AppDelegate.swift */; };
		A4F8435D250375FB00A6BE42 /* SceneDelegate.swift in Sources */ = {isa = PBXBuildFile; fileRef = A4F8435C250375FB00A6BE42 /* SceneDelegate.swift */; };
		A4F8435F250375FB00A6BE42 /* ContentView.swift in Sources */ = {isa = PBXBuildFile; fileRef = A4F8435E250375FB00A6BE42 /* ContentView.swift */; };
		A4F843612503760100A6BE42 /* Assets.xcassets in Resources */ = {isa = PBXBuildFile; fileRef = A4F843602503760100A6BE42 /* Assets.xcassets */; };
		A4F843642503760100A6BE42 /* Preview Assets.xcassets in Resources */ = {isa = PBXBuildFile; fileRef = A4F843632503760100A6BE42 /* Preview Assets.xcassets */; };
		A4F843672503760100A6BE42 /* LaunchScreen.storyboard in Resources */ = {isa = PBXBuildFile; fileRef = A4F843652503760100A6BE42 /* LaunchScreen.storyboard */; };
/* End PBXBuildFile section */

/* Begin PBXFileReference section */
		A4F84357250375FB00A6BE42 /* Menu-Icons.app */ = {isa = PBXFileReference; explicitFileType = wrapper.application; includeInIndex = 0; path = "Menu-Icons.app"; sourceTree = BUILT_PRODUCTS_DIR; };
		A4F8435A250375FB00A6BE42 /* AppDelegate.swift */ = {isa = PBXFileReference; lastKnownFileType = sourcecode.swift; path = AppDelegate.swift; sourceTree = "<group>"; };
		A4F8435C250375FB00A6BE42 /* SceneDelegate.swift */ = {isa = PBXFileReference; lastKnownFileType = sourcecode.swift; path = SceneDelegate.swift; sourceTree = "<group>"; };
		A4F8435E250375FB00A6BE42 /* ContentView.swift */ = {isa = PBXFileReference; lastKnownFileType = sourcecode.swift; path = ContentView.swift; sourceTree = "<group>"; };
		A4F843602503760100A6BE42 /* Assets.xcassets */ = {isa = PBXFileReference; lastKnownFileType = folder.assetcatalog; path = Assets.xcassets; sourceTree = "<group>"; };
		A4F843632503760100A6BE42 /* Preview Assets.xcassets */ = {isa = PBXFileReference; lastKnownFileType = folder.assetcatalog; path = "Preview Assets.xcassets"; sourceTree = "<group>"; };
		A4F843662503760100A6BE42 /* Base */ = {isa = PBXFileReference; lastKnownFileType = file.storyboard; name = Base; path = Base.lproj/LaunchScreen.storyboard; sourceTree = "<group>"; };
		A4F843682503760100A6BE42 /* Info.plist */ = {isa = PBXFileReference; lastKnownFileType = text.plist.xml; path = Info.plist; sourceTree = "<group>"; };
/* End PBXFileReference section */

/* Begin PBXFrameworksBuildPhase section */
		A4F84354250375FB00A6BE42 /* Frameworks */ = {
			isa = PBXFrameworksBuildPhase;
			buildActionMask = 2147483647;
			files = (
			);
			runOnlyForDeploymentPostprocessing = 0;
		};
/* End PBXFrameworksBuildPhase section */

/* Begin PBXGroup section */
		A4F8434E250375FB00A6BE42 = {
			isa = PBXGroup;
			children = (
				A4F84359250375FB00A6BE42 /* Menu-Icons */,
				A4F84358250375FB00A6BE42 /* Products */,
			);
			sourceTree = "<group>";
		};
		A4F84358250375FB00A6BE42 /* Products */ = {
			isa = PBXGroup;
			children = (
				A4F84357250375FB00A6BE42 /* Menu-Icons.app */,
			);
			name = Products;
			sourceTree = "<group>";
		};
		A4F84359250375FB00A6BE42 /* Menu-Icons */ = {
			isa = PBXGroup;
			children = (
				A4F8435A250375FB00A6BE42 /* AppDelegate.swift */,
				A4F8435C250375FB00A6BE42 /* SceneDelegate.swift */,
				A4F8435E250375FB00A6BE42 /* ContentView.swift */,
				A4F843602503760100A6BE42 /* Assets.xcassets */,
				A4F843652503760100A6BE42 /* LaunchScreen.storyboard */,
				A4F843682503760100A6BE42 /* Info.plist */,
				A4F843622503760100A6BE42 /* Preview Content */,
			);
			path = "Menu-Icons";
			sourceTree = "<group>";
		};
		A4F843622503760100A6BE42 /* Preview Content */ = {
			isa = PBXGroup;
			children = (
				A4F843632503760100A6BE42 /* Preview Assets.xcassets */,
			);
			path = "Preview Content";
			sourceTree = "<group>";
		};
/* End PBXGroup section */

/* Begin PBXNativeTarget section */
		A4F84356250375FB00A6BE42 /* Menu-Icons */ = {
			isa = PBXNativeTarget;
			buildConfigurationList = A4F8436B2503760100A6BE42 /* Build configuration list for PBXNativeTarget "Menu-Icons" */;
			buildPhases = (
				A4F84353250375FB00A6BE42 /* Sources */,
				A4F84354250375FB00A6BE42 /* Frameworks */,
				A4F84355250375FB00A6BE42 /* Resources */,
			);
			buildRules = (
			);
			dependencies = (
			);
			name = "Menu-Icons";
			productName = "Menu-Icons";
			productReference = A4F84357250375FB00A6BE42 /* Menu-Icons.app */;
			productType = "com.apple.product-type.application";
		};
/* End PBXNativeTarget section */

/* Begin PBXProject section */
		A4F8434F250375FB00A6BE42 /* Project object */ = {
			isa = PBXProject;
			attributes = {
				LastSwiftUpdateCheck = 1160;
				LastUpgradeCheck = 1160;
				ORGANIZATIONNAME = Arvind;
				TargetAttributes = {
					A4F84356250375FB00A6BE42 = {
						CreatedOnToolsVersion = 11.6;
					};
				};
			};
			buildConfigurationList = A4F84352250375FB00A6BE42 /* Build configuration list for PBXProject "Menu-Icons" */;
			compatibilityVersion = "Xcode 9.3";
			developmentRegion = en;
			hasScannedForEncodings = 0;
			knownRegions = (
				en,
				Base,
			);
			mainGroup = A4F8434E250375FB00A6BE42;
			productRefGroup = A4F84358250375FB00A6BE42 /* Products */;
			projectDirPath = "";
			projectRoot = "";
			targets = (
				A4F84356250375FB00A6BE42 /* Menu-Icons */,
			);
		};
/* End PBXProject section */

/* Begin PBXResourcesBuildPhase section */
		A4F84355250375FB00A6BE42 /* Resources */ = {
			isa = PBXResourcesBuildPhase;
			buildActionMask = 2147483647;
			files = (
				A4F843672503760100A6BE42 /* LaunchScreen.storyboard in Resources */,
				A4F843642503760100A6BE42 /* Preview Assets.xcassets in Resources */,
				A4F843612503760100A6BE42 /* Assets.xcassets in Resources */,
			);
			runOnlyForDeploymentPostprocessing = 0;
		};
/* End PBXResourcesBuildPhase section */

/* Begin PBXSourcesBuildPhase section */
		A4F84353250375FB00A6BE42 /* Sources */ = {
			isa = PBXSourcesBuildPhase;
			buildActionMask = 2147483647;
			files = (
				A4F8435B250375FB00A6BE42 /* AppDelegate.swift in Sources */,
				A4F8435D250375FB00A6BE42 /* SceneDelegate.swift in Sources */,
				A4F8435F250375FB00A6BE42 /* ContentView.swift in Sources */,
			);
			runOnlyForDeploymentPostprocessing = 0;
		};
/* End PBXSourcesBuildPhase section */

/* Begin PBXVariantGroup section */
		A4F843652503760100A6BE42 /* LaunchScreen.storyboard */ = {
			isa = PBXVariantGroup;
			children = (
				A4F843662503760100A6BE42 /* Base */,
			);
			name = LaunchScreen.storyboard;
			sourceTree = "<group>";
		};
/* End PBXVariantGroup section */

/* Begin XCBuildConfiguration section */
		A4F843692503760100A6BE42 /* Debug */ = {
			isa = XCBuildConfiguration;
			buildSettings = {
				ALWAYS_SEARCH_USER_PATHS = NO;
				CLANG_ANALYZER_NONNULL = YES;
				CLANG_ANALYZER_NUMBER_OBJECT_CONVERSION = YES_AGGRESSIVE;
				CLANG_CXX_LANGUAGE_STANDARD = "gnu++14";
				CLANG_CXX_LIBRARY = "libc++";
				CLANG_ENABLE_MODULES = YES;
				CLANG_ENABLE_OBJC_ARC = YES;
				CLANG_ENABLE_OBJC_WEAK = YES;
				CLANG_WARN_BLOCK_CAPTURE_AUTORELEASING = YES;
				CLANG_WARN_BOOL_CONVERSION = YES;
				CLANG_WARN_COMMA = YES;
				CLANG_WARN_CONSTANT_CONVERSION = YES;
				CLANG_WARN_DEPRECATED_OBJC_IMPLEMENTATIONS = YES;
				CLANG_WARN_DIRECT_OBJC_ISA_USAGE = YES_ERROR;
				CLANG_WARN_DOCUMENTATION_COMMENTS = YES;
				CLANG_WARN_EMPTY_BODY = YES;
				CLANG_WARN_ENUM_CONVERSION = YES;
				CLANG_WARN_INFINITE_RECURSION = YES;
				CLANG_WARN_INT_CONVERSION = YES;
				CLANG_WARN_NON_LITERAL_NULL_CONVERSION = YES;
				CLANG_WARN_OBJC_IMPLICIT_RETAIN_SELF = YES;
				CLANG_WARN_OBJC_LITERAL_CONVERSION = YES;
				CLANG_WARN_OBJC_ROOT_CLASS = YES_ERROR;
				CLANG_WARN_RANGE_LOOP_ANALYSIS = YES;
				CLANG_WARN_STRICT_PROTOTYPES = YES;
				CLANG_WARN_SUSPICIOUS_MOVE = YES;
				CLANG_WARN_UNGUARDED_AVAILABILITY = YES_AGGRESSIVE;
				CLANG_WARN_UNREACHABLE_CODE = YES;
				CLANG_WARN__DUPLICATE_METHOD_MATCH = YES;
				COPY_PHASE_STRIP = NO;
				DEBUG_INFORMATION_FORMAT = dwarf;
				ENABLE_STRICT_OBJC_MSGSEND = YES;
				ENABLE_TESTABILITY = YES;
				GCC_C_LANGUAGE_STANDARD = gnu11;
				GCC_DYNAMIC_NO_PIC = NO;
				GCC_NO_COMMON_BLOCKS = YES;
				GCC_OPTIMIZATION_LEVEL = 0;
				GCC_PREPROCESSOR_DEFINITIONS = (
					"DEBUG=1",
					"$(inherited)",
				);
				GCC_WARN_64_TO_32_BIT_CONVERSION = YES;
				GCC_WARN_ABOUT_RETURN_TYPE = YES_ERROR;
				GCC_WARN_UNDECLARED_SELECTOR = YES;
				GCC_WARN_UNINITIALIZED_AUTOS = YES_AGGRESSIVE;
				GCC_WARN_UNUSED_FUNCTION = YES;
				GCC_WARN_UNUSED_VARIABLE = YES;
				IPHONEOS_DEPLOYMENT_TARGET = 13.6;
				MTL_ENABLE_DEBUG_INFO = INCLUDE_SOURCE;
				MTL_FAST_MATH = YES;
				ONLY_ACTIVE_ARCH = YES;
				SDKROOT = iphoneos;
				SWIFT_ACTIVE_COMPILATION_CONDITIONS = DEBUG;
				SWIFT_OPTIMIZATION_LEVEL = "-Onone";
			};
			name = Debug;
		};
		A4F8436A2503760100A6BE42 /* Release */ = {
			isa = XCBuildConfiguration;
			buildSettings = {
				ALWAYS_SEARCH_USER_PATHS = NO;
				CLANG_ANALYZER_NONNULL = YES;
				CLANG_ANALYZER_NUMBER_OBJECT_CONVERSION = YES_AGGRESSIVE;
				CLANG_CXX_LANGUAGE_STANDARD = "gnu++14";
				CLANG_CXX_LIBRARY = "libc++";
				CLANG_ENABLE_MODULES = YES;
				CLANG_ENABLE_OBJC_ARC = YES;
				CLANG_ENABLE_OBJC_WEAK = YES;
				CLANG_WARN_BLOCK_CAPTURE_AUTORELEASING = YES;
				CLANG_WARN_BOOL_CONVERSION = YES;
				CLANG_WARN_COMMA = YES;
				CLANG_WARN_CONSTANT_CONVERSION = YES;
				CLANG_WARN_DEPRECATED_OBJC_IMPLEMENTATIONS = YES;
				CLANG_WARN_DIRECT_OBJC_ISA_USAGE = YES_ERROR;
				CLANG_WARN_DOCUMENTATION_COMMENTS = YES;
				CLANG_WARN_EMPTY_BODY = YES;
				CLANG_WARN_ENUM_CONVERSION = YES;
				CLANG_WARN_INFINITE_RECURSION = YES;
				CLANG_WARN_INT_CONVERSION = YES;
				CLANG_WARN_NON_LITERAL_NULL_CONVERSION = YES;
				CLANG_WARN_OBJC_IMPLICIT_RETAIN_SELF = YES;
				CLANG_WARN_OBJC_LITERAL_CONVERSION = YES;
				CLANG_WARN_OBJC_ROOT_CLASS = YES_ERROR;
				CLANG_WARN_RANGE_LOOP_ANALYSIS = YES;
				CLANG_WARN_STRICT_PROTOTYPES = YES;
				CLANG_WARN_SUSPICIOUS_MOVE = YES;
				CLANG_WARN_UNGUARDED_AVAILABILITY = YES_AGGRESSIVE;
				CLANG_WARN_UNREACHABLE_CODE = YES;
				CLANG_WARN__DUPLICATE_METHOD_MATCH = YES;
				COPY_PHASE_STRIP = NO;
				DEBUG_INFORMATION_FORMAT = "dwarf-with-dsym";
				ENABLE_NS_ASSERTIONS = NO;
				ENABLE_STRICT_OBJC_MSGSEND = YES;
				GCC_C_LANGUAGE_STANDARD = gnu11;
				GCC_NO_COMMON_BLOCKS = YES;
				GCC_WARN_64_TO_32_BIT_CONVERSION = YES;
				GCC_WARN_ABOUT_RETURN_TYPE = YES_ERROR;
				GCC_WARN_UNDECLARED_SELECTOR = YES;
				GCC_WARN_UNINITIALIZED_AUTOS = YES_AGGRESSIVE;
				GCC_WARN_UNUSED_FUNCTION = YES;
				GCC_WARN_UNUSED_VARIABLE = YES;
				IPHONEOS_DEPLOYMENT_TARGET = 13.6;
				MTL_ENABLE_DEBUG_INFO = NO;
				MTL_FAST_MATH = YES;
				SDKROOT = iphoneos;
				SWIFT_COMPILATION_MODE = wholemodule;
				SWIFT_OPTIMIZATION_LEVEL = "-O";
				VALIDATE_PRODUCT = YES;
			};
			name = Release;
		};
		A4F8436C2503760100A6BE42 /* Debug */ = {
			isa = XCBuildConfiguration;
			buildSettings = {
				ASSETCATALOG_COMPILER_APPICON_NAME = AppIcon;
				CODE_SIGN_STYLE = Automatic;
				DEVELOPMENT_ASSET_PATHS = "\"Menu-Icons/Preview Content\"";
				DEVELOPMENT_TEAM = 493S77954X;
				ENABLE_PREVIEWS = YES;
				INFOPLIST_FILE = "Menu-Icons/Info.plist";
				LD_RUNPATH_SEARCH_PATHS = (
					"$(inherited)",
					"@executable_path/Frameworks",
				);
				PRODUCT_BUNDLE_IDENTIFIER = "com.arvind.com.Menu-Icons";
				PRODUCT_NAME = "$(TARGET_NAME)";
				SWIFT_VERSION = 5.0;
				TARGETED_DEVICE_FAMILY = "1,2";
			};
			name = Debug;
		};
		A4F8436D2503760100A6BE42 /* Release */ = {
			isa = XCBuildConfiguration;
			buildSettings = {
				ASSETCATALOG_COMPILER_APPICON_NAME = AppIcon;
				CODE_SIGN_STYLE = Automatic;
				DEVELOPMENT_ASSET_PATHS = "\"Menu-Icons/Preview Content\"";
				DEVELOPMENT_TEAM = 493S77954X;
				ENABLE_PREVIEWS = YES;
				INFOPLIST_FILE = "Menu-Icons/Info.plist";
				LD_RUNPATH_SEARCH_PATHS = (
					"$(inherited)",
					"@executable_path/Frameworks",
				);
				PRODUCT_BUNDLE_IDENTIFIER = "com.arvind.com.Menu-Icons";
				PRODUCT_NAME = "$(TARGET_NAME)";
				SWIFT_VERSION = 5.0;
				TARGETED_DEVICE_FAMILY = "1,2";
			};
			name = Release;
		};
/* End XCBuildConfiguration section */

/* Begin XCConfigurationList section */
		A4F84352250375FB00A6BE42 /* Build configuration list for PBXProject "Menu-Icons" */ = {
			isa = XCConfigurationList;
			buildConfigurations = (
				A4F843692503760100A6BE42 /* Debug */,
				A4F8436A2503760100A6BE42 /* Release */,
			);
			defaultConfigurationIsVisible = 0;
			defaultConfigurationName = Release;
		};
		A4F8436B2503760100A6BE42 /* Build configuration list for PBXNativeTarget "Menu-Icons" */ = {
			isa = XCConfigurationList;
			buildConfigurations = (
				A4F8436C2503760100A6BE42 /* Debug */,
				A4F8436D2503760100A6BE42 /* Release */,
			);
			defaultConfigurationIsVisible = 0;
			defaultConfigurationName = Release;
		};
/* End XCConfigurationList section */
	};
	rootObject = A4F8434F250375FB00A6BE42 /* Project object */;
}
